PODS:
  - BTree (4.1.0)
  - SlouchDB4 (0.1.0):
    - BTree
  - SlouchDB4/Tests (0.1.0):
    - BTree

DEPENDENCIES:
  - SlouchDB4 (from `../`)
  - SlouchDB4/Tests (from `../`)

SPEC REPOS:
  https://github.com/cocoapods/specs.git:
    - BTree

EXTERNAL SOURCES:
  SlouchDB4:
    :path: "../"

SPEC CHECKSUMS:
  BTree: 99b99930790b88dc5e8bafbf666a5dfb8d7808b4
  SlouchDB4: 629054918cf5092f5972d8f4110d588ec7df62bc

PODFILE CHECKSUM: 089ff1f348537bab7e3f8914e8fd64920405cad8

COCOAPODS: 1.7.2
