PODS:
  - BTree (4.1.0)
  - SlouchDB4 (0.1.0)
  - SlouchDB4/Tests (0.1.0)

DEPENDENCIES:
  - BTree
  - SlouchDB4 (from `../`)
  - SlouchDB4/Tests (from `../`)

SPEC REPOS:
  https://github.com/cocoapods/specs.git:
    - BTree

EXTERNAL SOURCES:
  SlouchDB4:
    :path: "../"

SPEC CHECKSUMS:
  BTree: 99b99930790b88dc5e8bafbf666a5dfb8d7808b4
  SlouchDB4: f4b15bb775bdbb1222327c54ab8a0a03097017e3

PODFILE CHECKSUM: 8b601d89412c31b8832e32cdc4ec7a7a6ddc28ee

COCOAPODS: 1.7.2
