// !$*UTF8*$!
{
	archiveVersion = 1;
	classes = {
	};
	objectVersion = 51;
	objects = {

/* Begin PBXBuildFile section */
		B6D096C6C25A8C372DFE39D4 /* Pods_SlouchDB4.framework in Frameworks */ = {isa = PBXBuildFile; fileRef = 0814060DE4674D2DAB71EA81 /* Pods_SlouchDB4.framework */; };
		B7EDF10423DC018B002513B1 /* AppDelegate.swift in Sources */ = {isa = PBXBuildFile; fileRef = B7EDF10323DC018B002513B1 /* AppDelegate.swift */; };
		B7EDF10623DC018B002513B1 /* SceneDelegate.swift in Sources */ = {isa = PBXBuildFile; fileRef = B7EDF10523DC018B002513B1 /* SceneDelegate.swift */; };
		B7EDF10823DC018B002513B1 /* ViewController.swift in Sources */ = {isa = PBXBuildFile; fileRef = B7EDF10723DC018B002513B1 /* ViewController.swift */; };
		B7EDF10B23DC018B002513B1 /* Main.storyboard in Resources */ = {isa = PBXBuildFile; fileRef = B7EDF10923DC018B002513B1 /* Main.storyboard */; };
		B7EDF10D23DC018D002513B1 /* Assets.xcassets in Resources */ = {isa = PBXBuildFile; fileRef = B7EDF10C23DC018D002513B1 /* Assets.xcassets */; };
		B7EDF11023DC018D002513B1 /* LaunchScreen.storyboard in Resources */ = {isa = PBXBuildFile; fileRef = B7EDF10E23DC018D002513B1 /* LaunchScreen.storyboard */; };
		B7EDF11923DC0242002513B1 /* DatabaseObject.swift in Sources */ = {isa = PBXBuildFile; fileRef = B7EDF11823DC0242002513B1 /* DatabaseObject.swift */; };
		B7EDF11B23DC0264002513B1 /* JSONValue.swift in Sources */ = {isa = PBXBuildFile; fileRef = B7EDF11A23DC0263002513B1 /* JSONValue.swift */; };
		B7EDF11D23DC028A002513B1 /* ObjectCache.swift in Sources */ = {isa = PBXBuildFile; fileRef = B7EDF11C23DC028A002513B1 /* ObjectCache.swift */; };
		B7EDF11F23DC0343002513B1 /* ObjectHistoryTracker.swift in Sources */ = {isa = PBXBuildFile; fileRef = B7EDF11E23DC0343002513B1 /* ObjectHistoryTracker.swift */; };
		B7EDF12123DC1208002513B1 /* Database.swift in Sources */ = {isa = PBXBuildFile; fileRef = B7EDF12023DC1208002513B1 /* Database.swift */; };
		B7EDF12323DC1561002513B1 /* Session.swift in Sources */ = {isa = PBXBuildFile; fileRef = B7EDF12223DC1561002513B1 /* Session.swift */; };
		B7EDF12523DCB9A1002513B1 /* JournalManager.swift in Sources */ = {isa = PBXBuildFile; fileRef = B7EDF12423DCB9A1002513B1 /* JournalManager.swift */; };
		B7EDF12D23DCB9E4002513B1 /* JournalReadable.swift in Sources */ = {isa = PBXBuildFile; fileRef = B7EDF12723DCB9E4002513B1 /* JournalReadable.swift */; };
		B7EDF12E23DCB9E4002513B1 /* JournalFileWriter.swift in Sources */ = {isa = PBXBuildFile; fileRef = B7EDF12823DCB9E4002513B1 /* JournalFileWriter.swift */; };
		B7EDF12F23DCB9E4002513B1 /* JournalDataWriter.swift in Sources */ = {isa = PBXBuildFile; fileRef = B7EDF12923DCB9E4002513B1 /* JournalDataWriter.swift */; };
		B7EDF13023DCB9E4002513B1 /* JournalWritable.swift in Sources */ = {isa = PBXBuildFile; fileRef = B7EDF12A23DCB9E4002513B1 /* JournalWritable.swift */; };
		B7EDF13123DCB9E4002513B1 /* JournalDataReader.swift in Sources */ = {isa = PBXBuildFile; fileRef = B7EDF12B23DCB9E4002513B1 /* JournalDataReader.swift */; };
		B7EDF13223DCB9E4002513B1 /* JournalFileReader.swift in Sources */ = {isa = PBXBuildFile; fileRef = B7EDF12C23DCB9E4002513B1 /* JournalFileReader.swift */; };
		B7EDF13423DCBED7002513B1 /* RemoteFileStore.swift in Sources */ = {isa = PBXBuildFile; fileRef = B7EDF13323DCBED7002513B1 /* RemoteFileStore.swift */; };
		B7EDF13623DCC0C1002513B1 /* TODOs.md in Resources */ = {isa = PBXBuildFile; fileRef = B7EDF13523DCC0C1002513B1 /* TODOs.md */; };
		B7EDF13E23DD48E3002513B1 /* SlouchDB4Tests.swift in Sources */ = {isa = PBXBuildFile; fileRef = B7EDF13D23DD48E3002513B1 /* SlouchDB4Tests.swift */; };
		B7EDF14623DD490C002513B1 /* ObjectHistoryTrackerTests.swift in Sources */ = {isa = PBXBuildFile; fileRef = B7EDF14523DD490C002513B1 /* ObjectHistoryTrackerTests.swift */; };
		B7EDF14823DD5AF9002513B1 /* DatabaseTests.swift in Sources */ = {isa = PBXBuildFile; fileRef = B7EDF14723DD5AF9002513B1 /* DatabaseTests.swift */; };
		B7EDF14D23DD60FA002513B1 /* JournalManagerTests.swift in Sources */ = {isa = PBXBuildFile; fileRef = B7EDF14C23DD60FA002513B1 /* JournalManagerTests.swift */; };
		B7EDF14E23DD632A002513B1 /* ObjectDiff.swift in Sources */ = {isa = PBXBuildFile; fileRef = B7EDF14923DD5DC6002513B1 /* ObjectDiff.swift */; };
		B7EDF15023E00D1A002513B1 /* FindNewerRemoteFilesTests.swift in Sources */ = {isa = PBXBuildFile; fileRef = B7EDF14F23E00D1A002513B1 /* FindNewerRemoteFilesTests.swift */; };
/* End PBXBuildFile section */

/* Begin PBXContainerItemProxy section */
		B7EDF14023DD48E3002513B1 /* PBXContainerItemProxy */ = {
			isa = PBXContainerItemProxy;
			containerPortal = B7EDF0F823DC018B002513B1 /* Project object */;
			proxyType = 1;
			remoteGlobalIDString = B7EDF0FF23DC018B002513B1;
			remoteInfo = SlouchDB4;
		};
/* End PBXContainerItemProxy section */

/* Begin PBXFileReference section */
		0814060DE4674D2DAB71EA81 /* Pods_SlouchDB4.framework */ = {isa = PBXFileReference; explicitFileType = wrapper.framework; includeInIndex = 0; path = Pods_SlouchDB4.framework; sourceTree = BUILT_PRODUCTS_DIR; };
		89272E3CF9764583AB2E87BE /* Pods-SlouchDB4.release.xcconfig */ = {isa = PBXFileReference; includeInIndex = 1; lastKnownFileType = text.xcconfig; name = "Pods-SlouchDB4.release.xcconfig"; path = "Target Support Files/Pods-SlouchDB4/Pods-SlouchDB4.release.xcconfig"; sourceTree = "<group>"; };
		B7EDF10023DC018B002513B1 /* SlouchDB4.app */ = {isa = PBXFileReference; explicitFileType = wrapper.application; includeInIndex = 0; path = SlouchDB4.app; sourceTree = BUILT_PRODUCTS_DIR; };
		B7EDF10323DC018B002513B1 /* AppDelegate.swift */ = {isa = PBXFileReference; lastKnownFileType = sourcecode.swift; path = AppDelegate.swift; sourceTree = "<group>"; };
		B7EDF10523DC018B002513B1 /* SceneDelegate.swift */ = {isa = PBXFileReference; lastKnownFileType = sourcecode.swift; path = SceneDelegate.swift; sourceTree = "<group>"; };
		B7EDF10723DC018B002513B1 /* ViewController.swift */ = {isa = PBXFileReference; lastKnownFileType = sourcecode.swift; path = ViewController.swift; sourceTree = "<group>"; };
		B7EDF10A23DC018B002513B1 /* Base */ = {isa = PBXFileReference; lastKnownFileType = file.storyboard; name = Base; path = Base.lproj/Main.storyboard; sourceTree = "<group>"; };
		B7EDF10C23DC018D002513B1 /* Assets.xcassets */ = {isa = PBXFileReference; lastKnownFileType = folder.assetcatalog; path = Assets.xcassets; sourceTree = "<group>"; };
		B7EDF10F23DC018D002513B1 /* Base */ = {isa = PBXFileReference; lastKnownFileType = file.storyboard; name = Base; path = Base.lproj/LaunchScreen.storyboard; sourceTree = "<group>"; };
		B7EDF11123DC018D002513B1 /* Info.plist */ = {isa = PBXFileReference; lastKnownFileType = text.plist.xml; path = Info.plist; sourceTree = "<group>"; };
		B7EDF11823DC0242002513B1 /* DatabaseObject.swift */ = {isa = PBXFileReference; lastKnownFileType = sourcecode.swift; path = DatabaseObject.swift; sourceTree = "<group>"; };
		B7EDF11A23DC0263002513B1 /* JSONValue.swift */ = {isa = PBXFileReference; fileEncoding = 4; lastKnownFileType = sourcecode.swift; path = JSONValue.swift; sourceTree = "<group>"; };
		B7EDF11C23DC028A002513B1 /* ObjectCache.swift */ = {isa = PBXFileReference; lastKnownFileType = sourcecode.swift; path = ObjectCache.swift; sourceTree = "<group>"; };
		B7EDF11E23DC0343002513B1 /* ObjectHistoryTracker.swift */ = {isa = PBXFileReference; lastKnownFileType = sourcecode.swift; path = ObjectHistoryTracker.swift; sourceTree = "<group>"; };
		B7EDF12023DC1208002513B1 /* Database.swift */ = {isa = PBXFileReference; lastKnownFileType = sourcecode.swift; path = Database.swift; sourceTree = "<group>"; };
		B7EDF12223DC1561002513B1 /* Session.swift */ = {isa = PBXFileReference; lastKnownFileType = sourcecode.swift; path = Session.swift; sourceTree = "<group>"; };
		B7EDF12423DCB9A1002513B1 /* JournalManager.swift */ = {isa = PBXFileReference; lastKnownFileType = sourcecode.swift; path = JournalManager.swift; sourceTree = "<group>"; };
		B7EDF12723DCB9E4002513B1 /* JournalReadable.swift */ = {isa = PBXFileReference; fileEncoding = 4; lastKnownFileType = sourcecode.swift; path = JournalReadable.swift; sourceTree = "<group>"; };
		B7EDF12823DCB9E4002513B1 /* JournalFileWriter.swift */ = {isa = PBXFileReference; fileEncoding = 4; lastKnownFileType = sourcecode.swift; path = JournalFileWriter.swift; sourceTree = "<group>"; };
		B7EDF12923DCB9E4002513B1 /* JournalDataWriter.swift */ = {isa = PBXFileReference; fileEncoding = 4; lastKnownFileType = sourcecode.swift; path = JournalDataWriter.swift; sourceTree = "<group>"; };
		B7EDF12A23DCB9E4002513B1 /* JournalWritable.swift */ = {isa = PBXFileReference; fileEncoding = 4; lastKnownFileType = sourcecode.swift; path = JournalWritable.swift; sourceTree = "<group>"; };
		B7EDF12B23DCB9E4002513B1 /* JournalDataReader.swift */ = {isa = PBXFileReference; fileEncoding = 4; lastKnownFileType = sourcecode.swift; path = JournalDataReader.swift; sourceTree = "<group>"; };
		B7EDF12C23DCB9E4002513B1 /* JournalFileReader.swift */ = {isa = PBXFileReference; fileEncoding = 4; lastKnownFileType = sourcecode.swift; path = JournalFileReader.swift; sourceTree = "<group>"; };
		B7EDF13323DCBED7002513B1 /* RemoteFileStore.swift */ = {isa = PBXFileReference; lastKnownFileType = sourcecode.swift; path = RemoteFileStore.swift; sourceTree = "<group>"; };
		B7EDF13523DCC0C1002513B1 /* TODOs.md */ = {isa = PBXFileReference; lastKnownFileType = net.daringfireball.markdown; path = TODOs.md; sourceTree = "<group>"; };
		B7EDF13B23DD48E3002513B1 /* SlouchDB4Tests.xctest */ = {isa = PBXFileReference; explicitFileType = wrapper.cfbundle; includeInIndex = 0; path = SlouchDB4Tests.xctest; sourceTree = BUILT_PRODUCTS_DIR; };
		B7EDF13D23DD48E3002513B1 /* SlouchDB4Tests.swift */ = {isa = PBXFileReference; lastKnownFileType = sourcecode.swift; path = SlouchDB4Tests.swift; sourceTree = "<group>"; };
		B7EDF13F23DD48E3002513B1 /* Info.plist */ = {isa = PBXFileReference; lastKnownFileType = text.plist.xml; path = Info.plist; sourceTree = "<group>"; };
		B7EDF14523DD490C002513B1 /* ObjectHistoryTrackerTests.swift */ = {isa = PBXFileReference; lastKnownFileType = sourcecode.swift; path = ObjectHistoryTrackerTests.swift; sourceTree = "<group>"; };
		B7EDF14723DD5AF9002513B1 /* DatabaseTests.swift */ = {isa = PBXFileReference; lastKnownFileType = sourcecode.swift; path = DatabaseTests.swift; sourceTree = "<group>"; };
		B7EDF14923DD5DC6002513B1 /* ObjectDiff.swift */ = {isa = PBXFileReference; lastKnownFileType = sourcecode.swift; path = ObjectDiff.swift; sourceTree = "<group>"; };
		B7EDF14C23DD60FA002513B1 /* JournalManagerTests.swift */ = {isa = PBXFileReference; lastKnownFileType = sourcecode.swift; path = JournalManagerTests.swift; sourceTree = "<group>"; };
		B7EDF14F23E00D1A002513B1 /* FindNewerRemoteFilesTests.swift */ = {isa = PBXFileReference; lastKnownFileType = sourcecode.swift; path = FindNewerRemoteFilesTests.swift; sourceTree = "<group>"; };
		FD6A7659EDC19A1E9DF0F55B /* Pods-SlouchDB4.debug.xcconfig */ = {isa = PBXFileReference; includeInIndex = 1; lastKnownFileType = text.xcconfig; name = "Pods-SlouchDB4.debug.xcconfig"; path = "Target Support Files/Pods-SlouchDB4/Pods-SlouchDB4.debug.xcconfig"; sourceTree = "<group>"; };
/* End PBXFileReference section */

/* Begin PBXFrameworksBuildPhase section */
		B7EDF0FD23DC018B002513B1 /* Frameworks */ = {
			isa = PBXFrameworksBuildPhase;
			buildActionMask = 2147483647;
			files = (
				B6D096C6C25A8C372DFE39D4 /* Pods_SlouchDB4.framework in Frameworks */,
			);
			runOnlyForDeploymentPostprocessing = 0;
		};
		B7EDF13823DD48E3002513B1 /* Frameworks */ = {
			isa = PBXFrameworksBuildPhase;
			buildActionMask = 2147483647;
			files = (
			);
			runOnlyForDeploymentPostprocessing = 0;
		};
/* End PBXFrameworksBuildPhase section */

/* Begin PBXGroup section */
		1CC3B69F96082B05127ACC46 /* Pods */ = {
			isa = PBXGroup;
			children = (
				FD6A7659EDC19A1E9DF0F55B /* Pods-SlouchDB4.debug.xcconfig */,
				89272E3CF9764583AB2E87BE /* Pods-SlouchDB4.release.xcconfig */,
			);
			path = Pods;
			sourceTree = "<group>";
		};
		64084511414F616E5B915C7A /* Frameworks */ = {
			isa = PBXGroup;
			children = (
				0814060DE4674D2DAB71EA81 /* Pods_SlouchDB4.framework */,
			);
			name = Frameworks;
			sourceTree = "<group>";
		};
		B7EDF0F723DC018B002513B1 = {
			isa = PBXGroup;
			children = (
				B7EDF13523DCC0C1002513B1 /* TODOs.md */,
				B7EDF10223DC018B002513B1 /* SlouchDB4 */,
				B7EDF13C23DD48E3002513B1 /* SlouchDB4Tests */,
				B7EDF10123DC018B002513B1 /* Products */,
				1CC3B69F96082B05127ACC46 /* Pods */,
				64084511414F616E5B915C7A /* Frameworks */,
			);
			sourceTree = "<group>";
		};
		B7EDF10123DC018B002513B1 /* Products */ = {
			isa = PBXGroup;
			children = (
				B7EDF10023DC018B002513B1 /* SlouchDB4.app */,
				B7EDF13B23DD48E3002513B1 /* SlouchDB4Tests.xctest */,
			);
			name = Products;
			sourceTree = "<group>";
		};
		B7EDF10223DC018B002513B1 /* SlouchDB4 */ = {
			isa = PBXGroup;
			children = (
				B7EDF11723DC0235002513B1 /* Core */,
				B7EDF10323DC018B002513B1 /* AppDelegate.swift */,
				B7EDF10523DC018B002513B1 /* SceneDelegate.swift */,
				B7EDF10723DC018B002513B1 /* ViewController.swift */,
				B7EDF10923DC018B002513B1 /* Main.storyboard */,
				B7EDF10C23DC018D002513B1 /* Assets.xcassets */,
				B7EDF10E23DC018D002513B1 /* LaunchScreen.storyboard */,
				B7EDF11123DC018D002513B1 /* Info.plist */,
			);
			path = SlouchDB4;
			sourceTree = "<group>";
		};
		B7EDF11723DC0235002513B1 /* Core */ = {
			isa = PBXGroup;
			children = (
				B7EDF14B23DD5DE1002513B1 /* Database */,
				B7EDF12623DCB9E4002513B1 /* Journal */,
				B7EDF12423DCB9A1002513B1 /* JournalManager.swift */,
				B7EDF12223DC1561002513B1 /* Session.swift */,
			);
			path = Core;
			sourceTree = "<group>";
		};
		B7EDF12623DCB9E4002513B1 /* Journal */ = {
			isa = PBXGroup;
			children = (
				B7EDF12723DCB9E4002513B1 /* JournalReadable.swift */,
				B7EDF12823DCB9E4002513B1 /* JournalFileWriter.swift */,
				B7EDF12923DCB9E4002513B1 /* JournalDataWriter.swift */,
				B7EDF12A23DCB9E4002513B1 /* JournalWritable.swift */,
				B7EDF12B23DCB9E4002513B1 /* JournalDataReader.swift */,
				B7EDF12C23DCB9E4002513B1 /* JournalFileReader.swift */,
				B7EDF13323DCBED7002513B1 /* RemoteFileStore.swift */,
			);
			path = Journal;
			sourceTree = "<group>";
		};
		B7EDF13C23DD48E3002513B1 /* SlouchDB4Tests */ = {
			isa = PBXGroup;
			children = (
				B7EDF13D23DD48E3002513B1 /* SlouchDB4Tests.swift */,
				B7EDF13F23DD48E3002513B1 /* Info.plist */,
				B7EDF14523DD490C002513B1 /* ObjectHistoryTrackerTests.swift */,
				B7EDF14723DD5AF9002513B1 /* DatabaseTests.swift */,
				B7EDF14C23DD60FA002513B1 /* JournalManagerTests.swift */,
				B7EDF14F23E00D1A002513B1 /* FindNewerRemoteFilesTests.swift */,
			);
			path = SlouchDB4Tests;
			sourceTree = "<group>";
		};
		B7EDF14B23DD5DE1002513B1 /* Database */ = {
			isa = PBXGroup;
			children = (
				B7EDF11A23DC0263002513B1 /* JSONValue.swift */,
				B7EDF11823DC0242002513B1 /* DatabaseObject.swift */,
				B7EDF14923DD5DC6002513B1 /* ObjectDiff.swift */,
				B7EDF11C23DC028A002513B1 /* ObjectCache.swift */,
				B7EDF11E23DC0343002513B1 /* ObjectHistoryTracker.swift */,
				B7EDF12023DC1208002513B1 /* Database.swift */,
			);
			path = Database;
			sourceTree = "<group>";
		};
/* End PBXGroup section */

/* Begin PBXNativeTarget section */
		B7EDF0FF23DC018B002513B1 /* SlouchDB4 */ = {
			isa = PBXNativeTarget;
			buildConfigurationList = B7EDF11423DC018D002513B1 /* Build configuration list for PBXNativeTarget "SlouchDB4" */;
			buildPhases = (
				A04A5156D1F88EADDB87138F /* [CP] Check Pods Manifest.lock */,
				B7EDF0FC23DC018B002513B1 /* Sources */,
				B7EDF0FD23DC018B002513B1 /* Frameworks */,
				B7EDF0FE23DC018B002513B1 /* Resources */,
				E1FB4D2DC176655B0008177B /* [CP] Embed Pods Frameworks */,
			);
			buildRules = (
			);
			dependencies = (
			);
			name = SlouchDB4;
			productName = SlouchDB4;
			productReference = B7EDF10023DC018B002513B1 /* SlouchDB4.app */;
			productType = "com.apple.product-type.application";
		};
		B7EDF13A23DD48E3002513B1 /* SlouchDB4Tests */ = {
			isa = PBXNativeTarget;
			buildConfigurationList = B7EDF14223DD48E3002513B1 /* Build configuration list for PBXNativeTarget "SlouchDB4Tests" */;
			buildPhases = (
				B7EDF13723DD48E3002513B1 /* Sources */,
				B7EDF13823DD48E3002513B1 /* Frameworks */,
				B7EDF13923DD48E3002513B1 /* Resources */,
			);
			buildRules = (
			);
			dependencies = (
				B7EDF14123DD48E3002513B1 /* PBXTargetDependency */,
			);
			name = SlouchDB4Tests;
			productName = SlouchDB4Tests;
			productReference = B7EDF13B23DD48E3002513B1 /* SlouchDB4Tests.xctest */;
			productType = "com.apple.product-type.bundle.unit-test";
		};
/* End PBXNativeTarget section */

/* Begin PBXProject section */
		B7EDF0F823DC018B002513B1 /* Project object */ = {
			isa = PBXProject;
			attributes = {
				LastSwiftUpdateCheck = 1130;
				LastUpgradeCheck = 1130;
				ORGANIZATIONNAME = "Ussher Press";
				TargetAttributes = {
					B7EDF0FF23DC018B002513B1 = {
						CreatedOnToolsVersion = 11.3;
					};
					B7EDF13A23DD48E3002513B1 = {
						CreatedOnToolsVersion = 11.3;
						TestTargetID = B7EDF0FF23DC018B002513B1;
					};
				};
			};
			buildConfigurationList = B7EDF0FB23DC018B002513B1 /* Build configuration list for PBXProject "SlouchDB4" */;
			compatibilityVersion = "Xcode 9.3";
			developmentRegion = en;
			hasScannedForEncodings = 0;
			knownRegions = (
				en,
				Base,
			);
			mainGroup = B7EDF0F723DC018B002513B1;
			productRefGroup = B7EDF10123DC018B002513B1 /* Products */;
			projectDirPath = "";
			projectRoot = "";
			targets = (
				B7EDF0FF23DC018B002513B1 /* SlouchDB4 */,
				B7EDF13A23DD48E3002513B1 /* SlouchDB4Tests */,
			);
		};
/* End PBXProject section */

/* Begin PBXResourcesBuildPhase section */
		B7EDF0FE23DC018B002513B1 /* Resources */ = {
			isa = PBXResourcesBuildPhase;
			buildActionMask = 2147483647;
			files = (
				B7EDF13623DCC0C1002513B1 /* TODOs.md in Resources */,
				B7EDF11023DC018D002513B1 /* LaunchScreen.storyboard in Resources */,
				B7EDF10D23DC018D002513B1 /* Assets.xcassets in Resources */,
				B7EDF10B23DC018B002513B1 /* Main.storyboard in Resources */,
			);
			runOnlyForDeploymentPostprocessing = 0;
		};
		B7EDF13923DD48E3002513B1 /* Resources */ = {
			isa = PBXResourcesBuildPhase;
			buildActionMask = 2147483647;
			files = (
			);
			runOnlyForDeploymentPostprocessing = 0;
		};
/* End PBXResourcesBuildPhase section */

/* Begin PBXShellScriptBuildPhase section */
		A04A5156D1F88EADDB87138F /* [CP] Check Pods Manifest.lock */ = {
			isa = PBXShellScriptBuildPhase;
			buildActionMask = 2147483647;
			files = (
			);
			inputFileListPaths = (
			);
			inputPaths = (
				"${PODS_PODFILE_DIR_PATH}/Podfile.lock",
				"${PODS_ROOT}/Manifest.lock",
			);
			name = "[CP] Check Pods Manifest.lock";
			outputFileListPaths = (
			);
			outputPaths = (
				"$(DERIVED_FILE_DIR)/Pods-SlouchDB4-checkManifestLockResult.txt",
			);
			runOnlyForDeploymentPostprocessing = 0;
			shellPath = /bin/sh;
			shellScript = "diff \"${PODS_PODFILE_DIR_PATH}/Podfile.lock\" \"${PODS_ROOT}/Manifest.lock\" > /dev/null\nif [ $? != 0 ] ; then\n    # print error to STDERR\n    echo \"error: The sandbox is not in sync with the Podfile.lock. Run 'pod install' or update your CocoaPods installation.\" >&2\n    exit 1\nfi\n# This output is used by Xcode 'outputs' to avoid re-running this script phase.\necho \"SUCCESS\" > \"${SCRIPT_OUTPUT_FILE_0}\"\n";
			showEnvVarsInLog = 0;
		};
		E1FB4D2DC176655B0008177B /* [CP] Embed Pods Frameworks */ = {
			isa = PBXShellScriptBuildPhase;
			buildActionMask = 2147483647;
			files = (
			);
			inputFileListPaths = (
				"${PODS_ROOT}/Target Support Files/Pods-SlouchDB4/Pods-SlouchDB4-frameworks-${CONFIGURATION}-input-files.xcfilelist",
			);
			name = "[CP] Embed Pods Frameworks";
			outputFileListPaths = (
				"${PODS_ROOT}/Target Support Files/Pods-SlouchDB4/Pods-SlouchDB4-frameworks-${CONFIGURATION}-output-files.xcfilelist",
			);
			runOnlyForDeploymentPostprocessing = 0;
			shellPath = /bin/sh;
			shellScript = "\"${PODS_ROOT}/Target Support Files/Pods-SlouchDB4/Pods-SlouchDB4-frameworks.sh\"\n";
			showEnvVarsInLog = 0;
		};
/* End PBXShellScriptBuildPhase section */

/* Begin PBXSourcesBuildPhase section */
		B7EDF0FC23DC018B002513B1 /* Sources */ = {
			isa = PBXSourcesBuildPhase;
			buildActionMask = 2147483647;
			files = (
				B7EDF13423DCBED7002513B1 /* RemoteFileStore.swift in Sources */,
				B7EDF13223DCB9E4002513B1 /* JournalFileReader.swift in Sources */,
				B7EDF10823DC018B002513B1 /* ViewController.swift in Sources */,
				B7EDF10423DC018B002513B1 /* AppDelegate.swift in Sources */,
				B7EDF12F23DCB9E4002513B1 /* JournalDataWriter.swift in Sources */,
				B7EDF10623DC018B002513B1 /* SceneDelegate.swift in Sources */,
				B7EDF11923DC0242002513B1 /* DatabaseObject.swift in Sources */,
				B7EDF13123DCB9E4002513B1 /* JournalDataReader.swift in Sources */,
				B7EDF11B23DC0264002513B1 /* JSONValue.swift in Sources */,
				B7EDF12523DCB9A1002513B1 /* JournalManager.swift in Sources */,
				B7EDF11F23DC0343002513B1 /* ObjectHistoryTracker.swift in Sources */,
				B7EDF12D23DCB9E4002513B1 /* JournalReadable.swift in Sources */,
				B7EDF13023DCB9E4002513B1 /* JournalWritable.swift in Sources */,
				B7EDF14E23DD632A002513B1 /* ObjectDiff.swift in Sources */,
				B7EDF12123DC1208002513B1 /* Database.swift in Sources */,
				B7EDF11D23DC028A002513B1 /* ObjectCache.swift in Sources */,
				B7EDF12E23DCB9E4002513B1 /* JournalFileWriter.swift in Sources */,
				B7EDF12323DC1561002513B1 /* Session.swift in Sources */,
			);
			runOnlyForDeploymentPostprocessing = 0;
		};
		B7EDF13723DD48E3002513B1 /* Sources */ = {
			isa = PBXSourcesBuildPhase;
			buildActionMask = 2147483647;
			files = (
				B7EDF15023E00D1A002513B1 /* FindNewerRemoteFilesTests.swift in Sources */,
				B7EDF14823DD5AF9002513B1 /* DatabaseTests.swift in Sources */,
				B7EDF14D23DD60FA002513B1 /* JournalManagerTests.swift in Sources */,
				B7EDF14623DD490C002513B1 /* ObjectHistoryTrackerTests.swift in Sources */,
				B7EDF13E23DD48E3002513B1 /* SlouchDB4Tests.swift in Sources */,
			);
			runOnlyForDeploymentPostprocessing = 0;
		};
/* End PBXSourcesBuildPhase section */

/* Begin PBXTargetDependency section */
		B7EDF14123DD48E3002513B1 /* PBXTargetDependency */ = {
			isa = PBXTargetDependency;
			target = B7EDF0FF23DC018B002513B1 /* SlouchDB4 */;
			targetProxy = B7EDF14023DD48E3002513B1 /* PBXContainerItemProxy */;
		};
/* End PBXTargetDependency section */

/* Begin PBXVariantGroup section */
		B7EDF10923DC018B002513B1 /* Main.storyboard */ = {
			isa = PBXVariantGroup;
			children = (
				B7EDF10A23DC018B002513B1 /* Base */,
			);
			name = Main.storyboard;
			sourceTree = "<group>";
		};
		B7EDF10E23DC018D002513B1 /* LaunchScreen.storyboard */ = {
			isa = PBXVariantGroup;
			children = (
				B7EDF10F23DC018D002513B1 /* Base */,
			);
			name = LaunchScreen.storyboard;
			sourceTree = "<group>";
		};
/* End PBXVariantGroup section */

/* Begin XCBuildConfiguration section */
		B7EDF11223DC018D002513B1 /* Debug */ = {
			isa = XCBuildConfiguration;
			buildSettings = {
				ALWAYS_SEARCH_USER_PATHS = NO;
				CLANG_ANALYZER_NONNULL = YES;
				CLANG_ANALYZER_NUMBER_OBJECT_CONVERSION = YES_AGGRESSIVE;
				CLANG_CXX_LANGUAGE_STANDARD = "gnu++14";
				CLANG_CXX_LIBRARY = "libc++";
				CLANG_ENABLE_MODULES = YES;
				CLANG_ENABLE_OBJC_ARC = YES;
				CLANG_ENABLE_OBJC_WEAK = YES;
				CLANG_WARN_BLOCK_CAPTURE_AUTORELEASING = YES;
				CLANG_WARN_BOOL_CONVERSION = YES;
				CLANG_WARN_COMMA = YES;
				CLANG_WARN_CONSTANT_CONVERSION = YES;
				CLANG_WARN_DEPRECATED_OBJC_IMPLEMENTATIONS = YES;
				CLANG_WARN_DIRECT_OBJC_ISA_USAGE = YES_ERROR;
				CLANG_WARN_DOCUMENTATION_COMMENTS = YES;
				CLANG_WARN_EMPTY_BODY = YES;
				CLANG_WARN_ENUM_CONVERSION = YES;
				CLANG_WARN_INFINITE_RECURSION = YES;
				CLANG_WARN_INT_CONVERSION = YES;
				CLANG_WARN_NON_LITERAL_NULL_CONVERSION = YES;
				CLANG_WARN_OBJC_IMPLICIT_RETAIN_SELF = YES;
				CLANG_WARN_OBJC_LITERAL_CONVERSION = YES;
				CLANG_WARN_OBJC_ROOT_CLASS = YES_ERROR;
				CLANG_WARN_RANGE_LOOP_ANALYSIS = YES;
				CLANG_WARN_STRICT_PROTOTYPES = YES;
				CLANG_WARN_SUSPICIOUS_MOVE = YES;
				CLANG_WARN_UNGUARDED_AVAILABILITY = YES_AGGRESSIVE;
				CLANG_WARN_UNREACHABLE_CODE = YES;
				CLANG_WARN__DUPLICATE_METHOD_MATCH = YES;
				COPY_PHASE_STRIP = NO;
				DEBUG_INFORMATION_FORMAT = dwarf;
				ENABLE_STRICT_OBJC_MSGSEND = YES;
				ENABLE_TESTABILITY = YES;
				GCC_C_LANGUAGE_STANDARD = gnu11;
				GCC_DYNAMIC_NO_PIC = NO;
				GCC_NO_COMMON_BLOCKS = YES;
				GCC_OPTIMIZATION_LEVEL = 0;
				GCC_PREPROCESSOR_DEFINITIONS = (
					"DEBUG=1",
					"$(inherited)",
				);
				GCC_WARN_64_TO_32_BIT_CONVERSION = YES;
				GCC_WARN_ABOUT_RETURN_TYPE = YES_ERROR;
				GCC_WARN_UNDECLARED_SELECTOR = YES;
				GCC_WARN_UNINITIALIZED_AUTOS = YES_AGGRESSIVE;
				GCC_WARN_UNUSED_FUNCTION = YES;
				GCC_WARN_UNUSED_VARIABLE = YES;
				IPHONEOS_DEPLOYMENT_TARGET = 13.2;
				MTL_ENABLE_DEBUG_INFO = INCLUDE_SOURCE;
				MTL_FAST_MATH = YES;
				ONLY_ACTIVE_ARCH = YES;
				SDKROOT = iphoneos;
				SWIFT_ACTIVE_COMPILATION_CONDITIONS = DEBUG;
				SWIFT_OPTIMIZATION_LEVEL = "-Onone";
			};
			name = Debug;
		};
		B7EDF11323DC018D002513B1 /* Release */ = {
			isa = XCBuildConfiguration;
			buildSettings = {
				ALWAYS_SEARCH_USER_PATHS = NO;
				CLANG_ANALYZER_NONNULL = YES;
				CLANG_ANALYZER_NUMBER_OBJECT_CONVERSION = YES_AGGRESSIVE;
				CLANG_CXX_LANGUAGE_STANDARD = "gnu++14";
				CLANG_CXX_LIBRARY = "libc++";
				CLANG_ENABLE_MODULES = YES;
				CLANG_ENABLE_OBJC_ARC = YES;
				CLANG_ENABLE_OBJC_WEAK = YES;
				CLANG_WARN_BLOCK_CAPTURE_AUTORELEASING = YES;
				CLANG_WARN_BOOL_CONVERSION = YES;
				CLANG_WARN_COMMA = YES;
				CLANG_WARN_CONSTANT_CONVERSION = YES;
				CLANG_WARN_DEPRECATED_OBJC_IMPLEMENTATIONS = YES;
				CLANG_WARN_DIRECT_OBJC_ISA_USAGE = YES_ERROR;
				CLANG_WARN_DOCUMENTATION_COMMENTS = YES;
				CLANG_WARN_EMPTY_BODY = YES;
				CLANG_WARN_ENUM_CONVERSION = YES;
				CLANG_WARN_INFINITE_RECURSION = YES;
				CLANG_WARN_INT_CONVERSION = YES;
				CLANG_WARN_NON_LITERAL_NULL_CONVERSION = YES;
				CLANG_WARN_OBJC_IMPLICIT_RETAIN_SELF = YES;
				CLANG_WARN_OBJC_LITERAL_CONVERSION = YES;
				CLANG_WARN_OBJC_ROOT_CLASS = YES_ERROR;
				CLANG_WARN_RANGE_LOOP_ANALYSIS = YES;
				CLANG_WARN_STRICT_PROTOTYPES = YES;
				CLANG_WARN_SUSPICIOUS_MOVE = YES;
				CLANG_WARN_UNGUARDED_AVAILABILITY = YES_AGGRESSIVE;
				CLANG_WARN_UNREACHABLE_CODE = YES;
				CLANG_WARN__DUPLICATE_METHOD_MATCH = YES;
				COPY_PHASE_STRIP = NO;
				DEBUG_INFORMATION_FORMAT = "dwarf-with-dsym";
				ENABLE_NS_ASSERTIONS = NO;
				ENABLE_STRICT_OBJC_MSGSEND = YES;
				GCC_C_LANGUAGE_STANDARD = gnu11;
				GCC_NO_COMMON_BLOCKS = YES;
				GCC_WARN_64_TO_32_BIT_CONVERSION = YES;
				GCC_WARN_ABOUT_RETURN_TYPE = YES_ERROR;
				GCC_WARN_UNDECLARED_SELECTOR = YES;
				GCC_WARN_UNINITIALIZED_AUTOS = YES_AGGRESSIVE;
				GCC_WARN_UNUSED_FUNCTION = YES;
				GCC_WARN_UNUSED_VARIABLE = YES;
				IPHONEOS_DEPLOYMENT_TARGET = 13.2;
				MTL_ENABLE_DEBUG_INFO = NO;
				MTL_FAST_MATH = YES;
				SDKROOT = iphoneos;
				SWIFT_COMPILATION_MODE = wholemodule;
				SWIFT_OPTIMIZATION_LEVEL = "-O";
				VALIDATE_PRODUCT = YES;
			};
			name = Release;
		};
		B7EDF11523DC018D002513B1 /* Debug */ = {
			isa = XCBuildConfiguration;
			baseConfigurationReference = FD6A7659EDC19A1E9DF0F55B /* Pods-SlouchDB4.debug.xcconfig */;
			buildSettings = {
				ASSETCATALOG_COMPILER_APPICON_NAME = AppIcon;
				CODE_SIGN_STYLE = Automatic;
				DEVELOPMENT_TEAM = NQ4H433LH4;
				INFOPLIST_FILE = SlouchDB4/Info.plist;
				LD_RUNPATH_SEARCH_PATHS = (
					"$(inherited)",
					"@executable_path/Frameworks",
				);
				PRODUCT_BUNDLE_IDENTIFIER = com.ussherpress.SlouchDB4;
				PRODUCT_NAME = "$(TARGET_NAME)";
				SWIFT_VERSION = 5.0;
				TARGETED_DEVICE_FAMILY = "1,2";
			};
			name = Debug;
		};
		B7EDF11623DC018D002513B1 /* Release */ = {
			isa = XCBuildConfiguration;
			baseConfigurationReference = 89272E3CF9764583AB2E87BE /* Pods-SlouchDB4.release.xcconfig */;
			buildSettings = {
				ASSETCATALOG_COMPILER_APPICON_NAME = AppIcon;
				CODE_SIGN_STYLE = Automatic;
				DEVELOPMENT_TEAM = NQ4H433LH4;
				INFOPLIST_FILE = SlouchDB4/Info.plist;
				LD_RUNPATH_SEARCH_PATHS = (
					"$(inherited)",
					"@executable_path/Frameworks",
				);
				PRODUCT_BUNDLE_IDENTIFIER = com.ussherpress.SlouchDB4;
				PRODUCT_NAME = "$(TARGET_NAME)";
				SWIFT_VERSION = 5.0;
				TARGETED_DEVICE_FAMILY = "1,2";
			};
			name = Release;
		};
		B7EDF14323DD48E3002513B1 /* Debug */ = {
			isa = XCBuildConfiguration;
			buildSettings = {
				BUNDLE_LOADER = "$(TEST_HOST)";
				CODE_SIGN_STYLE = Automatic;
				DEVELOPMENT_TEAM = NQ4H433LH4;
				INFOPLIST_FILE = SlouchDB4Tests/Info.plist;
				LD_RUNPATH_SEARCH_PATHS = (
					"$(inherited)",
					"@executable_path/Frameworks",
					"@loader_path/Frameworks",
				);
				PRODUCT_BUNDLE_IDENTIFIER = com.ussherpress.SlouchDB4Tests;
				PRODUCT_NAME = "$(TARGET_NAME)";
				SWIFT_VERSION = 5.0;
				TARGETED_DEVICE_FAMILY = "1,2";
				TEST_HOST = "$(BUILT_PRODUCTS_DIR)/SlouchDB4.app/SlouchDB4";
			};
			name = Debug;
		};
		B7EDF14423DD48E3002513B1 /* Release */ = {
			isa = XCBuildConfiguration;
			buildSettings = {
				BUNDLE_LOADER = "$(TEST_HOST)";
				CODE_SIGN_STYLE = Automatic;
				DEVELOPMENT_TEAM = NQ4H433LH4;
				INFOPLIST_FILE = SlouchDB4Tests/Info.plist;
				LD_RUNPATH_SEARCH_PATHS = (
					"$(inherited)",
					"@executable_path/Frameworks",
					"@loader_path/Frameworks",
				);
				PRODUCT_BUNDLE_IDENTIFIER = com.ussherpress.SlouchDB4Tests;
				PRODUCT_NAME = "$(TARGET_NAME)";
				SWIFT_VERSION = 5.0;
				TARGETED_DEVICE_FAMILY = "1,2";
				TEST_HOST = "$(BUILT_PRODUCTS_DIR)/SlouchDB4.app/SlouchDB4";
			};
			name = Release;
		};
/* End XCBuildConfiguration section */

/* Begin XCConfigurationList section */
		B7EDF0FB23DC018B002513B1 /* Build configuration list for PBXProject "SlouchDB4" */ = {
			isa = XCConfigurationList;
			buildConfigurations = (
				B7EDF11223DC018D002513B1 /* Debug */,
				B7EDF11323DC018D002513B1 /* Release */,
			);
			defaultConfigurationIsVisible = 0;
			defaultConfigurationName = Release;
		};
		B7EDF11423DC018D002513B1 /* Build configuration list for PBXNativeTarget "SlouchDB4" */ = {
			isa = XCConfigurationList;
			buildConfigurations = (
				B7EDF11523DC018D002513B1 /* Debug */,
				B7EDF11623DC018D002513B1 /* Release */,
			);
			defaultConfigurationIsVisible = 0;
			defaultConfigurationName = Release;
		};
		B7EDF14223DD48E3002513B1 /* Build configuration list for PBXNativeTarget "SlouchDB4Tests" */ = {
			isa = XCConfigurationList;
			buildConfigurations = (
				B7EDF14323DD48E3002513B1 /* Debug */,
				B7EDF14423DD48E3002513B1 /* Release */,
			);
			defaultConfigurationIsVisible = 0;
			defaultConfigurationName = Release;
		};
/* End XCConfigurationList section */
	};
	rootObject = B7EDF0F823DC018B002513B1 /* Project object */;
}
