// !$*UTF8*$!
{
	archiveVersion = 1;
	classes = {
	};
	objectVersion = 46;
	objects = {

/* Begin PBXBuildFile section */
		0F68DA59B6F3D4A1F4C78088 /* Pods_DatabaseViewer.framework in Frameworks */ = {isa = PBXBuildFile; fileRef = 31BA6D4758B741E9314D89C7 /* Pods_DatabaseViewer.framework */; };
		10E54F1407042B580246421A /* Pods_SlouchDB4_Tests.framework in Frameworks */ = {isa = PBXBuildFile; fileRef = 4643EA0D706F0CBA3E0C1F7E /* Pods_SlouchDB4_Tests.framework */; };
		35CDF6626078E857C1065E07 /* Pods_PeopleApp.framework in Frameworks */ = {isa = PBXBuildFile; fileRef = B3C030B8B94B3E46494E1727 /* Pods_PeopleApp.framework */; };
		607FACD61AFB9204008FA782 /* AppDelegate.swift in Sources */ = {isa = PBXBuildFile; fileRef = 607FACD51AFB9204008FA782 /* AppDelegate.swift */; };
		607FACD81AFB9204008FA782 /* ViewController.swift in Sources */ = {isa = PBXBuildFile; fileRef = 607FACD71AFB9204008FA782 /* ViewController.swift */; };
		607FACDB1AFB9204008FA782 /* Main.storyboard in Resources */ = {isa = PBXBuildFile; fileRef = 607FACD91AFB9204008FA782 /* Main.storyboard */; };
		607FACDD1AFB9204008FA782 /* Images.xcassets in Resources */ = {isa = PBXBuildFile; fileRef = 607FACDC1AFB9204008FA782 /* Images.xcassets */; };
		607FACE01AFB9204008FA782 /* LaunchScreen.xib in Resources */ = {isa = PBXBuildFile; fileRef = 607FACDE1AFB9204008FA782 /* LaunchScreen.xib */; };
		607FACEC1AFB9204008FA782 /* Tests.swift in Sources */ = {isa = PBXBuildFile; fileRef = 607FACEB1AFB9204008FA782 /* Tests.swift */; };
		7FB46F6E9B9369CB1693090C /* Pods_SlouchDB4_Example.framework in Frameworks */ = {isa = PBXBuildFile; fileRef = 43CCC84507B51DE435032EF1 /* Pods_SlouchDB4_Example.framework */; };
		B71189A823E5FFC700D29302 /* AppDelegate.swift in Sources */ = {isa = PBXBuildFile; fileRef = B71189A723E5FFC700D29302 /* AppDelegate.swift */; };
		B71189AA23E5FFC700D29302 /* ViewController.swift in Sources */ = {isa = PBXBuildFile; fileRef = B71189A923E5FFC700D29302 /* ViewController.swift */; };
		B71189AC23E5FFC700D29302 /* Document.swift in Sources */ = {isa = PBXBuildFile; fileRef = B71189AB23E5FFC700D29302 /* Document.swift */; };
		B71189AE23E5FFCA00D29302 /* Assets.xcassets in Resources */ = {isa = PBXBuildFile; fileRef = B71189AD23E5FFCA00D29302 /* Assets.xcassets */; };
		B71189B123E5FFCA00D29302 /* Main.storyboard in Resources */ = {isa = PBXBuildFile; fileRef = B71189AF23E5FFCA00D29302 /* Main.storyboard */; };
		B71189B823E6004500D29302 /* Person.swift in Sources */ = {isa = PBXBuildFile; fileRef = B71189B723E6004500D29302 /* Person.swift */; };
		B71189C123E749B200D29302 /* FileSystemRemoteFileStore.swift in Sources */ = {isa = PBXBuildFile; fileRef = B71189BF23E7495E00D29302 /* FileSystemRemoteFileStore.swift */; };
		B76BA99323F877CD00BB3B87 /* AppDelegate.swift in Sources */ = {isa = PBXBuildFile; fileRef = B76BA99223F877CD00BB3B87 /* AppDelegate.swift */; };
		B76BA99523F877CD00BB3B87 /* ViewController.swift in Sources */ = {isa = PBXBuildFile; fileRef = B76BA99423F877CD00BB3B87 /* ViewController.swift */; };
		B76BA99723F877CF00BB3B87 /* Assets.xcassets in Resources */ = {isa = PBXBuildFile; fileRef = B76BA99623F877CF00BB3B87 /* Assets.xcassets */; };
		B76BA99A23F877CF00BB3B87 /* Main.storyboard in Resources */ = {isa = PBXBuildFile; fileRef = B76BA99823F877CF00BB3B87 /* Main.storyboard */; };
		B76BA9A023F8799500BB3B87 /* FileSystemRemoteFileStore.swift in Sources */ = {isa = PBXBuildFile; fileRef = B71189BF23E7495E00D29302 /* FileSystemRemoteFileStore.swift */; };
		B76BA9AD240246B200BB3B87 /* InMemObjectStore.swift in Sources */ = {isa = PBXBuildFile; fileRef = B76BA9AC240246B200BB3B87 /* InMemObjectStore.swift */; };
		B76BA9AE240248BA00BB3B87 /* InMemObjectStore.swift in Sources */ = {isa = PBXBuildFile; fileRef = B76BA9AC240246B200BB3B87 /* InMemObjectStore.swift */; };
		B76BA9B024024B7400BB3B87 /* InMemObjectHistoryStore.swift in Sources */ = {isa = PBXBuildFile; fileRef = B76BA9AF24024B7400BB3B87 /* InMemObjectHistoryStore.swift */; };
		B76BA9B124024B7900BB3B87 /* InMemObjectHistoryStore.swift in Sources */ = {isa = PBXBuildFile; fileRef = B76BA9AF24024B7400BB3B87 /* InMemObjectHistoryStore.swift */; };
/* End PBXBuildFile section */

/* Begin PBXContainerItemProxy section */
		607FACE61AFB9204008FA782 /* PBXContainerItemProxy */ = {
			isa = PBXContainerItemProxy;
			containerPortal = 607FACC81AFB9204008FA782 /* Project object */;
			proxyType = 1;
			remoteGlobalIDString = 607FACCF1AFB9204008FA782;
			remoteInfo = SlouchDB4;
		};
/* End PBXContainerItemProxy section */

/* Begin PBXFileReference section */
		1E432C54FB3C20CAB9791236 /* Pods-PeopleApp.release.xcconfig */ = {isa = PBXFileReference; includeInIndex = 1; lastKnownFileType = text.xcconfig; name = "Pods-PeopleApp.release.xcconfig"; path = "Target Support Files/Pods-PeopleApp/Pods-PeopleApp.release.xcconfig"; sourceTree = "<group>"; };
		25CA6DB39C7BDC0C478D0F3E /* Pods-PeopleApp.debug.xcconfig */ = {isa = PBXFileReference; includeInIndex = 1; lastKnownFileType = text.xcconfig; name = "Pods-PeopleApp.debug.xcconfig"; path = "Target Support Files/Pods-PeopleApp/Pods-PeopleApp.debug.xcconfig"; sourceTree = "<group>"; };
		26D2BBE171F950C0D4A7A19A /* Pods-DatabaseViewer.debug.xcconfig */ = {isa = PBXFileReference; includeInIndex = 1; lastKnownFileType = text.xcconfig; name = "Pods-DatabaseViewer.debug.xcconfig"; path = "Target Support Files/Pods-DatabaseViewer/Pods-DatabaseViewer.debug.xcconfig"; sourceTree = "<group>"; };
		2B9DF7F37BA338ACA313A81E /* Pods-SlouchDB4_Example.debug.xcconfig */ = {isa = PBXFileReference; includeInIndex = 1; lastKnownFileType = text.xcconfig; name = "Pods-SlouchDB4_Example.debug.xcconfig"; path = "Target Support Files/Pods-SlouchDB4_Example/Pods-SlouchDB4_Example.debug.xcconfig"; sourceTree = "<group>"; };
		31BA6D4758B741E9314D89C7 /* Pods_DatabaseViewer.framework */ = {isa = PBXFileReference; explicitFileType = wrapper.framework; includeInIndex = 0; path = Pods_DatabaseViewer.framework; sourceTree = BUILT_PRODUCTS_DIR; };
		43CCC84507B51DE435032EF1 /* Pods_SlouchDB4_Example.framework */ = {isa = PBXFileReference; explicitFileType = wrapper.framework; includeInIndex = 0; path = Pods_SlouchDB4_Example.framework; sourceTree = BUILT_PRODUCTS_DIR; };
		4643EA0D706F0CBA3E0C1F7E /* Pods_SlouchDB4_Tests.framework */ = {isa = PBXFileReference; explicitFileType = wrapper.framework; includeInIndex = 0; path = Pods_SlouchDB4_Tests.framework; sourceTree = BUILT_PRODUCTS_DIR; };
		46F73181587B82CEF38E1497 /* README.md */ = {isa = PBXFileReference; includeInIndex = 1; lastKnownFileType = net.daringfireball.markdown; name = README.md; path = ../README.md; sourceTree = "<group>"; };
		607FACD01AFB9204008FA782 /* SlouchDB4_Example.app */ = {isa = PBXFileReference; explicitFileType = wrapper.application; includeInIndex = 0; path = SlouchDB4_Example.app; sourceTree = BUILT_PRODUCTS_DIR; };
		607FACD41AFB9204008FA782 /* Info.plist */ = {isa = PBXFileReference; lastKnownFileType = text.plist.xml; path = Info.plist; sourceTree = "<group>"; };
		607FACD51AFB9204008FA782 /* AppDelegate.swift */ = {isa = PBXFileReference; lastKnownFileType = sourcecode.swift; path = AppDelegate.swift; sourceTree = "<group>"; };
		607FACD71AFB9204008FA782 /* ViewController.swift */ = {isa = PBXFileReference; lastKnownFileType = sourcecode.swift; path = ViewController.swift; sourceTree = "<group>"; };
		607FACDA1AFB9204008FA782 /* Base */ = {isa = PBXFileReference; lastKnownFileType = file.storyboard; name = Base; path = Base.lproj/Main.storyboard; sourceTree = "<group>"; };
		607FACDC1AFB9204008FA782 /* Images.xcassets */ = {isa = PBXFileReference; lastKnownFileType = folder.assetcatalog; path = Images.xcassets; sourceTree = "<group>"; };
		607FACDF1AFB9204008FA782 /* Base */ = {isa = PBXFileReference; lastKnownFileType = file.xib; name = Base; path = Base.lproj/LaunchScreen.xib; sourceTree = "<group>"; };
		607FACE51AFB9204008FA782 /* SlouchDB4_Tests.xctest */ = {isa = PBXFileReference; explicitFileType = wrapper.cfbundle; includeInIndex = 0; path = SlouchDB4_Tests.xctest; sourceTree = BUILT_PRODUCTS_DIR; };
		607FACEA1AFB9204008FA782 /* Info.plist */ = {isa = PBXFileReference; lastKnownFileType = text.plist.xml; path = Info.plist; sourceTree = "<group>"; };
		607FACEB1AFB9204008FA782 /* Tests.swift */ = {isa = PBXFileReference; lastKnownFileType = sourcecode.swift; path = Tests.swift; sourceTree = "<group>"; };
		7A68A35B2A3B72E0E655CEBB /* LICENSE */ = {isa = PBXFileReference; includeInIndex = 1; lastKnownFileType = text; name = LICENSE; path = ../LICENSE; sourceTree = "<group>"; };
		962F2360638FE9554C29D7E5 /* Pods-SlouchDB4_Tests.release.xcconfig */ = {isa = PBXFileReference; includeInIndex = 1; lastKnownFileType = text.xcconfig; name = "Pods-SlouchDB4_Tests.release.xcconfig"; path = "Target Support Files/Pods-SlouchDB4_Tests/Pods-SlouchDB4_Tests.release.xcconfig"; sourceTree = "<group>"; };
		9943271D45D54F69B40C1F31 /* SlouchDB4.podspec */ = {isa = PBXFileReference; includeInIndex = 1; lastKnownFileType = text; name = SlouchDB4.podspec; path = ../SlouchDB4.podspec; sourceTree = "<group>"; xcLanguageSpecificationIdentifier = xcode.lang.ruby; };
		B3C030B8B94B3E46494E1727 /* Pods_PeopleApp.framework */ = {isa = PBXFileReference; explicitFileType = wrapper.framework; includeInIndex = 0; path = Pods_PeopleApp.framework; sourceTree = BUILT_PRODUCTS_DIR; };
		B71189A523E5FFC700D29302 /* PeopleApp.app */ = {isa = PBXFileReference; explicitFileType = wrapper.application; includeInIndex = 0; path = PeopleApp.app; sourceTree = BUILT_PRODUCTS_DIR; };
		B71189A723E5FFC700D29302 /* AppDelegate.swift */ = {isa = PBXFileReference; lastKnownFileType = sourcecode.swift; path = AppDelegate.swift; sourceTree = "<group>"; };
		B71189A923E5FFC700D29302 /* ViewController.swift */ = {isa = PBXFileReference; lastKnownFileType = sourcecode.swift; path = ViewController.swift; sourceTree = "<group>"; };
		B71189AB23E5FFC700D29302 /* Document.swift */ = {isa = PBXFileReference; lastKnownFileType = sourcecode.swift; path = Document.swift; sourceTree = "<group>"; };
		B71189AD23E5FFCA00D29302 /* Assets.xcassets */ = {isa = PBXFileReference; lastKnownFileType = folder.assetcatalog; path = Assets.xcassets; sourceTree = "<group>"; };
		B71189B023E5FFCA00D29302 /* Base */ = {isa = PBXFileReference; lastKnownFileType = file.storyboard; name = Base; path = Base.lproj/Main.storyboard; sourceTree = "<group>"; };
		B71189B223E5FFCA00D29302 /* Info.plist */ = {isa = PBXFileReference; lastKnownFileType = text.plist.xml; path = Info.plist; sourceTree = "<group>"; };
		B71189B323E5FFCA00D29302 /* PeopleApp.entitlements */ = {isa = PBXFileReference; lastKnownFileType = text.plist.entitlements; path = PeopleApp.entitlements; sourceTree = "<group>"; };
		B71189B723E6004500D29302 /* Person.swift */ = {isa = PBXFileReference; fileEncoding = 4; lastKnownFileType = sourcecode.swift; path = Person.swift; sourceTree = "<group>"; };
		B71189BF23E7495E00D29302 /* FileSystemRemoteFileStore.swift */ = {isa = PBXFileReference; lastKnownFileType = sourcecode.swift; path = FileSystemRemoteFileStore.swift; sourceTree = "<group>"; };
		B76BA99023F877CD00BB3B87 /* DatabaseViewer.app */ = {isa = PBXFileReference; explicitFileType = wrapper.application; includeInIndex = 0; path = DatabaseViewer.app; sourceTree = BUILT_PRODUCTS_DIR; };
		B76BA99223F877CD00BB3B87 /* AppDelegate.swift */ = {isa = PBXFileReference; lastKnownFileType = sourcecode.swift; path = AppDelegate.swift; sourceTree = "<group>"; };
		B76BA99423F877CD00BB3B87 /* ViewController.swift */ = {isa = PBXFileReference; lastKnownFileType = sourcecode.swift; path = ViewController.swift; sourceTree = "<group>"; };
		B76BA99623F877CF00BB3B87 /* Assets.xcassets */ = {isa = PBXFileReference; lastKnownFileType = folder.assetcatalog; path = Assets.xcassets; sourceTree = "<group>"; };
		B76BA99923F877CF00BB3B87 /* Base */ = {isa = PBXFileReference; lastKnownFileType = file.storyboard; name = Base; path = Base.lproj/Main.storyboard; sourceTree = "<group>"; };
		B76BA99B23F877CF00BB3B87 /* Info.plist */ = {isa = PBXFileReference; lastKnownFileType = text.plist.xml; path = Info.plist; sourceTree = "<group>"; };
		B76BA99C23F877CF00BB3B87 /* DatabaseViewer.entitlements */ = {isa = PBXFileReference; lastKnownFileType = text.plist.entitlements; path = DatabaseViewer.entitlements; sourceTree = "<group>"; };
		B76BA9AC240246B200BB3B87 /* InMemObjectStore.swift */ = {isa = PBXFileReference; fileEncoding = 4; lastKnownFileType = sourcecode.swift; path = InMemObjectStore.swift; sourceTree = "<group>"; };
		B76BA9AF24024B7400BB3B87 /* InMemObjectHistoryStore.swift */ = {isa = PBXFileReference; fileEncoding = 4; lastKnownFileType = sourcecode.swift; path = InMemObjectHistoryStore.swift; sourceTree = "<group>"; };
		C6A24016A8CA84D3258A4D71 /* Pods-DatabaseViewer.release.xcconfig */ = {isa = PBXFileReference; includeInIndex = 1; lastKnownFileType = text.xcconfig; name = "Pods-DatabaseViewer.release.xcconfig"; path = "Target Support Files/Pods-DatabaseViewer/Pods-DatabaseViewer.release.xcconfig"; sourceTree = "<group>"; };
		CB798225DE886D3EAE22FA89 /* Pods-SlouchDB4_Example.release.xcconfig */ = {isa = PBXFileReference; includeInIndex = 1; lastKnownFileType = text.xcconfig; name = "Pods-SlouchDB4_Example.release.xcconfig"; path = "Target Support Files/Pods-SlouchDB4_Example/Pods-SlouchDB4_Example.release.xcconfig"; sourceTree = "<group>"; };
		E34545CB02C50D7FCF9233DA /* Pods-SlouchDB4_Tests.debug.xcconfig */ = {isa = PBXFileReference; includeInIndex = 1; lastKnownFileType = text.xcconfig; name = "Pods-SlouchDB4_Tests.debug.xcconfig"; path = "Target Support Files/Pods-SlouchDB4_Tests/Pods-SlouchDB4_Tests.debug.xcconfig"; sourceTree = "<group>"; };
/* End PBXFileReference section */

/* Begin PBXFrameworksBuildPhase section */
		607FACCD1AFB9204008FA782 /* Frameworks */ = {
			isa = PBXFrameworksBuildPhase;
			buildActionMask = 2147483647;
			files = (
				7FB46F6E9B9369CB1693090C /* Pods_SlouchDB4_Example.framework in Frameworks */,
			);
			runOnlyForDeploymentPostprocessing = 0;
		};
		607FACE21AFB9204008FA782 /* Frameworks */ = {
			isa = PBXFrameworksBuildPhase;
			buildActionMask = 2147483647;
			files = (
				10E54F1407042B580246421A /* Pods_SlouchDB4_Tests.framework in Frameworks */,
			);
			runOnlyForDeploymentPostprocessing = 0;
		};
		B71189A223E5FFC700D29302 /* Frameworks */ = {
			isa = PBXFrameworksBuildPhase;
			buildActionMask = 2147483647;
			files = (
				35CDF6626078E857C1065E07 /* Pods_PeopleApp.framework in Frameworks */,
			);
			runOnlyForDeploymentPostprocessing = 0;
		};
		B76BA98D23F877CD00BB3B87 /* Frameworks */ = {
			isa = PBXFrameworksBuildPhase;
			buildActionMask = 2147483647;
			files = (
				0F68DA59B6F3D4A1F4C78088 /* Pods_DatabaseViewer.framework in Frameworks */,
			);
			runOnlyForDeploymentPostprocessing = 0;
		};
/* End PBXFrameworksBuildPhase section */

/* Begin PBXGroup section */
		058AE85208FACE0E88D3D426 /* Pods */ = {
			isa = PBXGroup;
			children = (
				2B9DF7F37BA338ACA313A81E /* Pods-SlouchDB4_Example.debug.xcconfig */,
				CB798225DE886D3EAE22FA89 /* Pods-SlouchDB4_Example.release.xcconfig */,
				E34545CB02C50D7FCF9233DA /* Pods-SlouchDB4_Tests.debug.xcconfig */,
				962F2360638FE9554C29D7E5 /* Pods-SlouchDB4_Tests.release.xcconfig */,
				25CA6DB39C7BDC0C478D0F3E /* Pods-PeopleApp.debug.xcconfig */,
				1E432C54FB3C20CAB9791236 /* Pods-PeopleApp.release.xcconfig */,
				26D2BBE171F950C0D4A7A19A /* Pods-DatabaseViewer.debug.xcconfig */,
				C6A24016A8CA84D3258A4D71 /* Pods-DatabaseViewer.release.xcconfig */,
			);
			path = Pods;
			sourceTree = "<group>";
		};
		4DEB9ABAE6A1F5195F03300A /* Frameworks */ = {
			isa = PBXGroup;
			children = (
				43CCC84507B51DE435032EF1 /* Pods_SlouchDB4_Example.framework */,
				4643EA0D706F0CBA3E0C1F7E /* Pods_SlouchDB4_Tests.framework */,
				B3C030B8B94B3E46494E1727 /* Pods_PeopleApp.framework */,
				31BA6D4758B741E9314D89C7 /* Pods_DatabaseViewer.framework */,
			);
			name = Frameworks;
			sourceTree = "<group>";
		};
		607FACC71AFB9204008FA782 = {
			isa = PBXGroup;
			children = (
				607FACF51AFB993E008FA782 /* Podspec Metadata */,
				607FACD21AFB9204008FA782 /* Example for SlouchDB4 */,
				607FACE81AFB9204008FA782 /* Tests */,
				B71189A623E5FFC700D29302 /* PeopleApp */,
				B76BA99123F877CD00BB3B87 /* DatabaseViewer */,
				607FACD11AFB9204008FA782 /* Products */,
				058AE85208FACE0E88D3D426 /* Pods */,
				4DEB9ABAE6A1F5195F03300A /* Frameworks */,
			);
			sourceTree = "<group>";
		};
		607FACD11AFB9204008FA782 /* Products */ = {
			isa = PBXGroup;
			children = (
				607FACD01AFB9204008FA782 /* SlouchDB4_Example.app */,
				607FACE51AFB9204008FA782 /* SlouchDB4_Tests.xctest */,
				B71189A523E5FFC700D29302 /* PeopleApp.app */,
				B76BA99023F877CD00BB3B87 /* DatabaseViewer.app */,
			);
			name = Products;
			sourceTree = "<group>";
		};
		607FACD21AFB9204008FA782 /* Example for SlouchDB4 */ = {
			isa = PBXGroup;
			children = (
				607FACD51AFB9204008FA782 /* AppDelegate.swift */,
				607FACD71AFB9204008FA782 /* ViewController.swift */,
				607FACD91AFB9204008FA782 /* Main.storyboard */,
				607FACDC1AFB9204008FA782 /* Images.xcassets */,
				607FACDE1AFB9204008FA782 /* LaunchScreen.xib */,
				607FACD31AFB9204008FA782 /* Supporting Files */,
			);
			name = "Example for SlouchDB4";
			path = SlouchDB4;
			sourceTree = "<group>";
		};
		607FACD31AFB9204008FA782 /* Supporting Files */ = {
			isa = PBXGroup;
			children = (
				607FACD41AFB9204008FA782 /* Info.plist */,
			);
			name = "Supporting Files";
			sourceTree = "<group>";
		};
		607FACE81AFB9204008FA782 /* Tests */ = {
			isa = PBXGroup;
			children = (
				607FACEB1AFB9204008FA782 /* Tests.swift */,
				607FACE91AFB9204008FA782 /* Supporting Files */,
			);
			path = Tests;
			sourceTree = "<group>";
		};
		607FACE91AFB9204008FA782 /* Supporting Files */ = {
			isa = PBXGroup;
			children = (
				607FACEA1AFB9204008FA782 /* Info.plist */,
			);
			name = "Supporting Files";
			sourceTree = "<group>";
		};
		607FACF51AFB993E008FA782 /* Podspec Metadata */ = {
			isa = PBXGroup;
			children = (
				9943271D45D54F69B40C1F31 /* SlouchDB4.podspec */,
				46F73181587B82CEF38E1497 /* README.md */,
				7A68A35B2A3B72E0E655CEBB /* LICENSE */,
			);
			name = "Podspec Metadata";
			sourceTree = "<group>";
		};
		B71189A623E5FFC700D29302 /* PeopleApp */ = {
			isa = PBXGroup;
			children = (
				B71189B723E6004500D29302 /* Person.swift */,
				B71189A723E5FFC700D29302 /* AppDelegate.swift */,
				B71189A923E5FFC700D29302 /* ViewController.swift */,
				B71189AB23E5FFC700D29302 /* Document.swift */,
				B76BA9AC240246B200BB3B87 /* InMemObjectStore.swift */,
				B76BA9AF24024B7400BB3B87 /* InMemObjectHistoryStore.swift */,
				B71189BF23E7495E00D29302 /* FileSystemRemoteFileStore.swift */,
				B71189AD23E5FFCA00D29302 /* Assets.xcassets */,
				B71189AF23E5FFCA00D29302 /* Main.storyboard */,
				B71189B223E5FFCA00D29302 /* Info.plist */,
				B71189B323E5FFCA00D29302 /* PeopleApp.entitlements */,
			);
			path = PeopleApp;
			sourceTree = "<group>";
		};
		B76BA99123F877CD00BB3B87 /* DatabaseViewer */ = {
			isa = PBXGroup;
			children = (
				B76BA99223F877CD00BB3B87 /* AppDelegate.swift */,
				B76BA99423F877CD00BB3B87 /* ViewController.swift */,
				B76BA99623F877CF00BB3B87 /* Assets.xcassets */,
				B76BA99823F877CF00BB3B87 /* Main.storyboard */,
				B76BA99B23F877CF00BB3B87 /* Info.plist */,
				B76BA99C23F877CF00BB3B87 /* DatabaseViewer.entitlements */,
			);
			path = DatabaseViewer;
			sourceTree = "<group>";
		};
/* End PBXGroup section */

/* Begin PBXNativeTarget section */
		607FACCF1AFB9204008FA782 /* SlouchDB4_Example */ = {
			isa = PBXNativeTarget;
			buildConfigurationList = 607FACEF1AFB9204008FA782 /* Build configuration list for PBXNativeTarget "SlouchDB4_Example" */;
			buildPhases = (
				2FED4DC0A3E7286F679858FA /* [CP] Check Pods Manifest.lock */,
				607FACCC1AFB9204008FA782 /* Sources */,
				607FACCD1AFB9204008FA782 /* Frameworks */,
				607FACCE1AFB9204008FA782 /* Resources */,
				ECF98FCF4BCCECE16E244475 /* [CP] Embed Pods Frameworks */,
			);
			buildRules = (
			);
			dependencies = (
			);
			name = SlouchDB4_Example;
			productName = SlouchDB4;
			productReference = 607FACD01AFB9204008FA782 /* SlouchDB4_Example.app */;
			productType = "com.apple.product-type.application";
		};
		607FACE41AFB9204008FA782 /* SlouchDB4_Tests */ = {
			isa = PBXNativeTarget;
			buildConfigurationList = 607FACF21AFB9204008FA782 /* Build configuration list for PBXNativeTarget "SlouchDB4_Tests" */;
			buildPhases = (
				D9E02CCD7D68221677C523A1 /* [CP] Check Pods Manifest.lock */,
				607FACE11AFB9204008FA782 /* Sources */,
				607FACE21AFB9204008FA782 /* Frameworks */,
				607FACE31AFB9204008FA782 /* Resources */,
			);
			buildRules = (
			);
			dependencies = (
				607FACE71AFB9204008FA782 /* PBXTargetDependency */,
			);
			name = SlouchDB4_Tests;
			productName = Tests;
			productReference = 607FACE51AFB9204008FA782 /* SlouchDB4_Tests.xctest */;
			productType = "com.apple.product-type.bundle.unit-test";
		};
		B71189A423E5FFC700D29302 /* PeopleApp */ = {
			isa = PBXNativeTarget;
			buildConfigurationList = B71189B423E5FFCA00D29302 /* Build configuration list for PBXNativeTarget "PeopleApp" */;
			buildPhases = (
				FF3A31ECC1E18ED8B3648E0F /* [CP] Check Pods Manifest.lock */,
				B71189A123E5FFC700D29302 /* Sources */,
				B71189A223E5FFC700D29302 /* Frameworks */,
				B71189A323E5FFC700D29302 /* Resources */,
				7524D6C85FAD0DCCA57E3384 /* [CP] Embed Pods Frameworks */,
			);
			buildRules = (
			);
			dependencies = (
			);
			name = PeopleApp;
			productName = PeopleApp;
			productReference = B71189A523E5FFC700D29302 /* PeopleApp.app */;
			productType = "com.apple.product-type.application";
		};
		B76BA98F23F877CD00BB3B87 /* DatabaseViewer */ = {
			isa = PBXNativeTarget;
			buildConfigurationList = B76BA99F23F877CF00BB3B87 /* Build configuration list for PBXNativeTarget "DatabaseViewer" */;
			buildPhases = (
				61B21E313D75583951E2BA0A /* [CP] Check Pods Manifest.lock */,
				B76BA98C23F877CD00BB3B87 /* Sources */,
				B76BA98D23F877CD00BB3B87 /* Frameworks */,
				B76BA98E23F877CD00BB3B87 /* Resources */,
				4284353D6459F5F3FCD8DDBE /* [CP] Embed Pods Frameworks */,
			);
			buildRules = (
			);
			dependencies = (
			);
			name = DatabaseViewer;
			productName = DatabaseViewer;
			productReference = B76BA99023F877CD00BB3B87 /* DatabaseViewer.app */;
			productType = "com.apple.product-type.application";
		};
/* End PBXNativeTarget section */

/* Begin PBXProject section */
		607FACC81AFB9204008FA782 /* Project object */ = {
			isa = PBXProject;
			attributes = {
				DefaultBuildSystemTypeForWorkspace = Original;
				LastSwiftUpdateCheck = 1130;
				LastUpgradeCheck = 1130;
				ORGANIZATIONNAME = CocoaPods;
				TargetAttributes = {
					607FACCF1AFB9204008FA782 = {
						CreatedOnToolsVersion = 6.3.1;
						LastSwiftMigration = 0900;
					};
					607FACE41AFB9204008FA782 = {
						CreatedOnToolsVersion = 6.3.1;
						LastSwiftMigration = 0900;
						TestTargetID = 607FACCF1AFB9204008FA782;
					};
					B71189A423E5FFC700D29302 = {
						CreatedOnToolsVersion = 11.3;
						DevelopmentTeam = NQ4H433LH4;
						ProvisioningStyle = Automatic;
					};
					B76BA98F23F877CD00BB3B87 = {
						CreatedOnToolsVersion = 11.3;
						DevelopmentTeam = NQ4H433LH4;
						ProvisioningStyle = Automatic;
					};
				};
			};
			buildConfigurationList = 607FACCB1AFB9204008FA782 /* Build configuration list for PBXProject "SlouchDB4" */;
			compatibilityVersion = "Xcode 3.2";
			developmentRegion = en;
			hasScannedForEncodings = 0;
			knownRegions = (
				en,
				Base,
			);
			mainGroup = 607FACC71AFB9204008FA782;
			productRefGroup = 607FACD11AFB9204008FA782 /* Products */;
			projectDirPath = "";
			projectRoot = "";
			targets = (
				607FACCF1AFB9204008FA782 /* SlouchDB4_Example */,
				607FACE41AFB9204008FA782 /* SlouchDB4_Tests */,
				B71189A423E5FFC700D29302 /* PeopleApp */,
				B76BA98F23F877CD00BB3B87 /* DatabaseViewer */,
			);
		};
/* End PBXProject section */

/* Begin PBXResourcesBuildPhase section */
		607FACCE1AFB9204008FA782 /* Resources */ = {
			isa = PBXResourcesBuildPhase;
			buildActionMask = 2147483647;
			files = (
				607FACDB1AFB9204008FA782 /* Main.storyboard in Resources */,
				607FACE01AFB9204008FA782 /* LaunchScreen.xib in Resources */,
				607FACDD1AFB9204008FA782 /* Images.xcassets in Resources */,
			);
			runOnlyForDeploymentPostprocessing = 0;
		};
		607FACE31AFB9204008FA782 /* Resources */ = {
			isa = PBXResourcesBuildPhase;
			buildActionMask = 2147483647;
			files = (
			);
			runOnlyForDeploymentPostprocessing = 0;
		};
		B71189A323E5FFC700D29302 /* Resources */ = {
			isa = PBXResourcesBuildPhase;
			buildActionMask = 2147483647;
			files = (
				B71189AE23E5FFCA00D29302 /* Assets.xcassets in Resources */,
				B71189B123E5FFCA00D29302 /* Main.storyboard in Resources */,
			);
			runOnlyForDeploymentPostprocessing = 0;
		};
		B76BA98E23F877CD00BB3B87 /* Resources */ = {
			isa = PBXResourcesBuildPhase;
			buildActionMask = 2147483647;
			files = (
				B76BA99723F877CF00BB3B87 /* Assets.xcassets in Resources */,
				B76BA99A23F877CF00BB3B87 /* Main.storyboard in Resources */,
			);
			runOnlyForDeploymentPostprocessing = 0;
		};
/* End PBXResourcesBuildPhase section */

/* Begin PBXShellScriptBuildPhase section */
		2FED4DC0A3E7286F679858FA /* [CP] Check Pods Manifest.lock */ = {
			isa = PBXShellScriptBuildPhase;
			buildActionMask = 2147483647;
			files = (
			);
			inputFileListPaths = (
			);
			inputPaths = (
				"${PODS_PODFILE_DIR_PATH}/Podfile.lock",
				"${PODS_ROOT}/Manifest.lock",
			);
			name = "[CP] Check Pods Manifest.lock";
			outputFileListPaths = (
			);
			outputPaths = (
				"$(DERIVED_FILE_DIR)/Pods-SlouchDB4_Example-checkManifestLockResult.txt",
			);
			runOnlyForDeploymentPostprocessing = 0;
			shellPath = /bin/sh;
			shellScript = "diff \"${PODS_PODFILE_DIR_PATH}/Podfile.lock\" \"${PODS_ROOT}/Manifest.lock\" > /dev/null\nif [ $? != 0 ] ; then\n    # print error to STDERR\n    echo \"error: The sandbox is not in sync with the Podfile.lock. Run 'pod install' or update your CocoaPods installation.\" >&2\n    exit 1\nfi\n# This output is used by Xcode 'outputs' to avoid re-running this script phase.\necho \"SUCCESS\" > \"${SCRIPT_OUTPUT_FILE_0}\"\n";
			showEnvVarsInLog = 0;
		};
		4284353D6459F5F3FCD8DDBE /* [CP] Embed Pods Frameworks */ = {
			isa = PBXShellScriptBuildPhase;
			buildActionMask = 2147483647;
			files = (
			);
			inputPaths = (
				"${PODS_ROOT}/Target Support Files/Pods-DatabaseViewer/Pods-DatabaseViewer-frameworks.sh",
				"${BUILT_PRODUCTS_DIR}/SlouchDB4-macOS/SlouchDB4.framework",
				"${BUILT_PRODUCTS_DIR}/BTree/BTree.framework",
			);
			name = "[CP] Embed Pods Frameworks";
			outputPaths = (
				"${TARGET_BUILD_DIR}/${FRAMEWORKS_FOLDER_PATH}/SlouchDB4.framework",
				"${TARGET_BUILD_DIR}/${FRAMEWORKS_FOLDER_PATH}/BTree.framework",
			);
			runOnlyForDeploymentPostprocessing = 0;
			shellPath = /bin/sh;
			shellScript = "\"${PODS_ROOT}/Target Support Files/Pods-DatabaseViewer/Pods-DatabaseViewer-frameworks.sh\"\n";
			showEnvVarsInLog = 0;
		};
		61B21E313D75583951E2BA0A /* [CP] Check Pods Manifest.lock */ = {
			isa = PBXShellScriptBuildPhase;
			buildActionMask = 2147483647;
			files = (
			);
			inputFileListPaths = (
			);
			inputPaths = (
				"${PODS_PODFILE_DIR_PATH}/Podfile.lock",
				"${PODS_ROOT}/Manifest.lock",
			);
			name = "[CP] Check Pods Manifest.lock";
			outputFileListPaths = (
			);
			outputPaths = (
				"$(DERIVED_FILE_DIR)/Pods-DatabaseViewer-checkManifestLockResult.txt",
			);
			runOnlyForDeploymentPostprocessing = 0;
			shellPath = /bin/sh;
			shellScript = "diff \"${PODS_PODFILE_DIR_PATH}/Podfile.lock\" \"${PODS_ROOT}/Manifest.lock\" > /dev/null\nif [ $? != 0 ] ; then\n    # print error to STDERR\n    echo \"error: The sandbox is not in sync with the Podfile.lock. Run 'pod install' or update your CocoaPods installation.\" >&2\n    exit 1\nfi\n# This output is used by Xcode 'outputs' to avoid re-running this script phase.\necho \"SUCCESS\" > \"${SCRIPT_OUTPUT_FILE_0}\"\n";
			showEnvVarsInLog = 0;
		};
		7524D6C85FAD0DCCA57E3384 /* [CP] Embed Pods Frameworks */ = {
			isa = PBXShellScriptBuildPhase;
			buildActionMask = 2147483647;
			files = (
			);
			inputPaths = (
				"${PODS_ROOT}/Target Support Files/Pods-PeopleApp/Pods-PeopleApp-frameworks.sh",
				"${BUILT_PRODUCTS_DIR}/SlouchDB4-macOS/SlouchDB4.framework",
				"${BUILT_PRODUCTS_DIR}/BTree/BTree.framework",
			);
			name = "[CP] Embed Pods Frameworks";
			outputPaths = (
				"${TARGET_BUILD_DIR}/${FRAMEWORKS_FOLDER_PATH}/SlouchDB4.framework",
				"${TARGET_BUILD_DIR}/${FRAMEWORKS_FOLDER_PATH}/BTree.framework",
			);
			runOnlyForDeploymentPostprocessing = 0;
			shellPath = /bin/sh;
			shellScript = "\"${PODS_ROOT}/Target Support Files/Pods-PeopleApp/Pods-PeopleApp-frameworks.sh\"\n";
			showEnvVarsInLog = 0;
		};
		D9E02CCD7D68221677C523A1 /* [CP] Check Pods Manifest.lock */ = {
			isa = PBXShellScriptBuildPhase;
			buildActionMask = 2147483647;
			files = (
			);
			inputFileListPaths = (
			);
			inputPaths = (
				"${PODS_PODFILE_DIR_PATH}/Podfile.lock",
				"${PODS_ROOT}/Manifest.lock",
			);
			name = "[CP] Check Pods Manifest.lock";
			outputFileListPaths = (
			);
			outputPaths = (
				"$(DERIVED_FILE_DIR)/Pods-SlouchDB4_Tests-checkManifestLockResult.txt",
			);
			runOnlyForDeploymentPostprocessing = 0;
			shellPath = /bin/sh;
			shellScript = "diff \"${PODS_PODFILE_DIR_PATH}/Podfile.lock\" \"${PODS_ROOT}/Manifest.lock\" > /dev/null\nif [ $? != 0 ] ; then\n    # print error to STDERR\n    echo \"error: The sandbox is not in sync with the Podfile.lock. Run 'pod install' or update your CocoaPods installation.\" >&2\n    exit 1\nfi\n# This output is used by Xcode 'outputs' to avoid re-running this script phase.\necho \"SUCCESS\" > \"${SCRIPT_OUTPUT_FILE_0}\"\n";
			showEnvVarsInLog = 0;
		};
		ECF98FCF4BCCECE16E244475 /* [CP] Embed Pods Frameworks */ = {
			isa = PBXShellScriptBuildPhase;
			buildActionMask = 2147483647;
			files = (
			);
			inputPaths = (
				"${PODS_ROOT}/Target Support Files/Pods-SlouchDB4_Example/Pods-SlouchDB4_Example-frameworks.sh",
				"${BUILT_PRODUCTS_DIR}/SlouchDB4-iOS/SlouchDB4.framework",
			);
			name = "[CP] Embed Pods Frameworks";
			outputPaths = (
				"${TARGET_BUILD_DIR}/${FRAMEWORKS_FOLDER_PATH}/SlouchDB4.framework",
			);
			runOnlyForDeploymentPostprocessing = 0;
			shellPath = /bin/sh;
			shellScript = "\"${PODS_ROOT}/Target Support Files/Pods-SlouchDB4_Example/Pods-SlouchDB4_Example-frameworks.sh\"\n";
			showEnvVarsInLog = 0;
		};
		FF3A31ECC1E18ED8B3648E0F /* [CP] Check Pods Manifest.lock */ = {
			isa = PBXShellScriptBuildPhase;
			buildActionMask = 2147483647;
			files = (
			);
			inputFileListPaths = (
			);
			inputPaths = (
				"${PODS_PODFILE_DIR_PATH}/Podfile.lock",
				"${PODS_ROOT}/Manifest.lock",
			);
			name = "[CP] Check Pods Manifest.lock";
			outputFileListPaths = (
			);
			outputPaths = (
				"$(DERIVED_FILE_DIR)/Pods-PeopleApp-checkManifestLockResult.txt",
			);
			runOnlyForDeploymentPostprocessing = 0;
			shellPath = /bin/sh;
			shellScript = "diff \"${PODS_PODFILE_DIR_PATH}/Podfile.lock\" \"${PODS_ROOT}/Manifest.lock\" > /dev/null\nif [ $? != 0 ] ; then\n    # print error to STDERR\n    echo \"error: The sandbox is not in sync with the Podfile.lock. Run 'pod install' or update your CocoaPods installation.\" >&2\n    exit 1\nfi\n# This output is used by Xcode 'outputs' to avoid re-running this script phase.\necho \"SUCCESS\" > \"${SCRIPT_OUTPUT_FILE_0}\"\n";
			showEnvVarsInLog = 0;
		};
/* End PBXShellScriptBuildPhase section */

/* Begin PBXSourcesBuildPhase section */
		607FACCC1AFB9204008FA782 /* Sources */ = {
			isa = PBXSourcesBuildPhase;
			buildActionMask = 2147483647;
			files = (
				607FACD81AFB9204008FA782 /* ViewController.swift in Sources */,
				607FACD61AFB9204008FA782 /* AppDelegate.swift in Sources */,
			);
			runOnlyForDeploymentPostprocessing = 0;
		};
		607FACE11AFB9204008FA782 /* Sources */ = {
			isa = PBXSourcesBuildPhase;
			buildActionMask = 2147483647;
			files = (
				607FACEC1AFB9204008FA782 /* Tests.swift in Sources */,
			);
			runOnlyForDeploymentPostprocessing = 0;
		};
		B71189A123E5FFC700D29302 /* Sources */ = {
			isa = PBXSourcesBuildPhase;
			buildActionMask = 2147483647;
			files = (
				B71189AA23E5FFC700D29302 /* ViewController.swift in Sources */,
				B71189A823E5FFC700D29302 /* AppDelegate.swift in Sources */,
				B76BA9B024024B7400BB3B87 /* InMemObjectHistoryStore.swift in Sources */,
				B71189B823E6004500D29302 /* Person.swift in Sources */,
				B76BA9AD240246B200BB3B87 /* InMemObjectStore.swift in Sources */,
				B71189AC23E5FFC700D29302 /* Document.swift in Sources */,
				B71189C123E749B200D29302 /* FileSystemRemoteFileStore.swift in Sources */,
			);
			runOnlyForDeploymentPostprocessing = 0;
		};
		B76BA98C23F877CD00BB3B87 /* Sources */ = {
			isa = PBXSourcesBuildPhase;
			buildActionMask = 2147483647;
			files = (
				B76BA9B124024B7900BB3B87 /* InMemObjectHistoryStore.swift in Sources */,
				B76BA99523F877CD00BB3B87 /* ViewController.swift in Sources */,
				B76BA99323F877CD00BB3B87 /* AppDelegate.swift in Sources */,
				B76BA9A023F8799500BB3B87 /* FileSystemRemoteFileStore.swift in Sources */,
				B76BA9AE240248BA00BB3B87 /* InMemObjectStore.swift in Sources */,
			);
			runOnlyForDeploymentPostprocessing = 0;
		};
/* End PBXSourcesBuildPhase section */

/* Begin PBXTargetDependency section */
		607FACE71AFB9204008FA782 /* PBXTargetDependency */ = {
			isa = PBXTargetDependency;
			target = 607FACCF1AFB9204008FA782 /* SlouchDB4_Example */;
			targetProxy = 607FACE61AFB9204008FA782 /* PBXContainerItemProxy */;
		};
/* End PBXTargetDependency section */

/* Begin PBXVariantGroup section */
		607FACD91AFB9204008FA782 /* Main.storyboard */ = {
			isa = PBXVariantGroup;
			children = (
				607FACDA1AFB9204008FA782 /* Base */,
			);
			name = Main.storyboard;
			sourceTree = "<group>";
		};
		607FACDE1AFB9204008FA782 /* LaunchScreen.xib */ = {
			isa = PBXVariantGroup;
			children = (
				607FACDF1AFB9204008FA782 /* Base */,
			);
			name = LaunchScreen.xib;
			sourceTree = "<group>";
		};
		B71189AF23E5FFCA00D29302 /* Main.storyboard */ = {
			isa = PBXVariantGroup;
			children = (
				B71189B023E5FFCA00D29302 /* Base */,
			);
			name = Main.storyboard;
			sourceTree = "<group>";
		};
		B76BA99823F877CF00BB3B87 /* Main.storyboard */ = {
			isa = PBXVariantGroup;
			children = (
				B76BA99923F877CF00BB3B87 /* Base */,
			);
			name = Main.storyboard;
			sourceTree = "<group>";
		};
/* End PBXVariantGroup section */

/* Begin XCBuildConfiguration section */
		607FACED1AFB9204008FA782 /* Debug */ = {
			isa = XCBuildConfiguration;
			buildSettings = {
				ALWAYS_SEARCH_USER_PATHS = NO;
				CLANG_ANALYZER_LOCALIZABILITY_NONLOCALIZED = YES;
				CLANG_CXX_LANGUAGE_STANDARD = "gnu++0x";
				CLANG_CXX_LIBRARY = "libc++";
				CLANG_ENABLE_MODULES = YES;
				CLANG_ENABLE_OBJC_ARC = YES;
				CLANG_WARN_BLOCK_CAPTURE_AUTORELEASING = YES;
				CLANG_WARN_BOOL_CONVERSION = YES;
				CLANG_WARN_COMMA = YES;
				CLANG_WARN_CONSTANT_CONVERSION = YES;
				CLANG_WARN_DEPRECATED_OBJC_IMPLEMENTATIONS = YES;
				CLANG_WARN_DIRECT_OBJC_ISA_USAGE = YES_ERROR;
				CLANG_WARN_EMPTY_BODY = YES;
				CLANG_WARN_ENUM_CONVERSION = YES;
				CLANG_WARN_INFINITE_RECURSION = YES;
				CLANG_WARN_INT_CONVERSION = YES;
				CLANG_WARN_NON_LITERAL_NULL_CONVERSION = YES;
				CLANG_WARN_OBJC_IMPLICIT_RETAIN_SELF = YES;
				CLANG_WARN_OBJC_LITERAL_CONVERSION = YES;
				CLANG_WARN_OBJC_ROOT_CLASS = YES_ERROR;
				CLANG_WARN_RANGE_LOOP_ANALYSIS = YES;
				CLANG_WARN_STRICT_PROTOTYPES = YES;
				CLANG_WARN_SUSPICIOUS_MOVE = YES;
				CLANG_WARN_UNREACHABLE_CODE = YES;
				CLANG_WARN__DUPLICATE_METHOD_MATCH = YES;
				"CODE_SIGN_IDENTITY[sdk=iphoneos*]" = "iPhone Developer";
				COPY_PHASE_STRIP = NO;
				DEBUG_INFORMATION_FORMAT = "dwarf-with-dsym";
				ENABLE_STRICT_OBJC_MSGSEND = YES;
				ENABLE_TESTABILITY = YES;
				GCC_C_LANGUAGE_STANDARD = gnu99;
				GCC_DYNAMIC_NO_PIC = NO;
				GCC_NO_COMMON_BLOCKS = YES;
				GCC_OPTIMIZATION_LEVEL = 0;
				GCC_PREPROCESSOR_DEFINITIONS = (
					"DEBUG=1",
					"$(inherited)",
				);
				GCC_SYMBOLS_PRIVATE_EXTERN = NO;
				GCC_WARN_64_TO_32_BIT_CONVERSION = YES;
				GCC_WARN_ABOUT_RETURN_TYPE = YES_ERROR;
				GCC_WARN_UNDECLARED_SELECTOR = YES;
				GCC_WARN_UNINITIALIZED_AUTOS = YES_AGGRESSIVE;
				GCC_WARN_UNUSED_FUNCTION = YES;
				GCC_WARN_UNUSED_VARIABLE = YES;
				IPHONEOS_DEPLOYMENT_TARGET = 11.0;
				MTL_ENABLE_DEBUG_INFO = YES;
				ONLY_ACTIVE_ARCH = YES;
				SDKROOT = iphoneos;
				SWIFT_OPTIMIZATION_LEVEL = "-Onone";
			};
			name = Debug;
		};
		607FACEE1AFB9204008FA782 /* Release */ = {
			isa = XCBuildConfiguration;
			buildSettings = {
				ALWAYS_SEARCH_USER_PATHS = NO;
				CLANG_ANALYZER_LOCALIZABILITY_NONLOCALIZED = YES;
				CLANG_CXX_LANGUAGE_STANDARD = "gnu++0x";
				CLANG_CXX_LIBRARY = "libc++";
				CLANG_ENABLE_MODULES = YES;
				CLANG_ENABLE_OBJC_ARC = YES;
				CLANG_WARN_BLOCK_CAPTURE_AUTORELEASING = YES;
				CLANG_WARN_BOOL_CONVERSION = YES;
				CLANG_WARN_COMMA = YES;
				CLANG_WARN_CONSTANT_CONVERSION = YES;
				CLANG_WARN_DEPRECATED_OBJC_IMPLEMENTATIONS = YES;
				CLANG_WARN_DIRECT_OBJC_ISA_USAGE = YES_ERROR;
				CLANG_WARN_EMPTY_BODY = YES;
				CLANG_WARN_ENUM_CONVERSION = YES;
				CLANG_WARN_INFINITE_RECURSION = YES;
				CLANG_WARN_INT_CONVERSION = YES;
				CLANG_WARN_NON_LITERAL_NULL_CONVERSION = YES;
				CLANG_WARN_OBJC_IMPLICIT_RETAIN_SELF = YES;
				CLANG_WARN_OBJC_LITERAL_CONVERSION = YES;
				CLANG_WARN_OBJC_ROOT_CLASS = YES_ERROR;
				CLANG_WARN_RANGE_LOOP_ANALYSIS = YES;
				CLANG_WARN_STRICT_PROTOTYPES = YES;
				CLANG_WARN_SUSPICIOUS_MOVE = YES;
				CLANG_WARN_UNREACHABLE_CODE = YES;
				CLANG_WARN__DUPLICATE_METHOD_MATCH = YES;
				"CODE_SIGN_IDENTITY[sdk=iphoneos*]" = "iPhone Developer";
				COPY_PHASE_STRIP = NO;
				DEBUG_INFORMATION_FORMAT = "dwarf-with-dsym";
				ENABLE_NS_ASSERTIONS = NO;
				ENABLE_STRICT_OBJC_MSGSEND = YES;
				GCC_C_LANGUAGE_STANDARD = gnu99;
				GCC_NO_COMMON_BLOCKS = YES;
				GCC_WARN_64_TO_32_BIT_CONVERSION = YES;
				GCC_WARN_ABOUT_RETURN_TYPE = YES_ERROR;
				GCC_WARN_UNDECLARED_SELECTOR = YES;
				GCC_WARN_UNINITIALIZED_AUTOS = YES_AGGRESSIVE;
				GCC_WARN_UNUSED_FUNCTION = YES;
				GCC_WARN_UNUSED_VARIABLE = YES;
				IPHONEOS_DEPLOYMENT_TARGET = 11.0;
				MTL_ENABLE_DEBUG_INFO = NO;
				SDKROOT = iphoneos;
				SWIFT_OPTIMIZATION_LEVEL = "-Owholemodule";
				VALIDATE_PRODUCT = YES;
			};
			name = Release;
		};
		607FACF01AFB9204008FA782 /* Debug */ = {
			isa = XCBuildConfiguration;
			baseConfigurationReference = 2B9DF7F37BA338ACA313A81E /* Pods-SlouchDB4_Example.debug.xcconfig */;
			buildSettings = {
				ASSETCATALOG_COMPILER_APPICON_NAME = AppIcon;
				INFOPLIST_FILE = SlouchDB4/Info.plist;
				LD_RUNPATH_SEARCH_PATHS = "$(inherited) @executable_path/Frameworks";
				MODULE_NAME = ExampleApp;
				PRODUCT_BUNDLE_IDENTIFIER = "org.cocoapods.demo.$(PRODUCT_NAME:rfc1034identifier)";
				PRODUCT_NAME = "$(TARGET_NAME)";
				SWIFT_SWIFT3_OBJC_INFERENCE = Default;
				SWIFT_VERSION = 4.0;
			};
			name = Debug;
		};
		607FACF11AFB9204008FA782 /* Release */ = {
			isa = XCBuildConfiguration;
			baseConfigurationReference = CB798225DE886D3EAE22FA89 /* Pods-SlouchDB4_Example.release.xcconfig */;
			buildSettings = {
				ASSETCATALOG_COMPILER_APPICON_NAME = AppIcon;
				INFOPLIST_FILE = SlouchDB4/Info.plist;
				LD_RUNPATH_SEARCH_PATHS = "$(inherited) @executable_path/Frameworks";
				MODULE_NAME = ExampleApp;
				PRODUCT_BUNDLE_IDENTIFIER = "org.cocoapods.demo.$(PRODUCT_NAME:rfc1034identifier)";
				PRODUCT_NAME = "$(TARGET_NAME)";
				SWIFT_SWIFT3_OBJC_INFERENCE = Default;
				SWIFT_VERSION = 4.0;
			};
			name = Release;
		};
		607FACF31AFB9204008FA782 /* Debug */ = {
			isa = XCBuildConfiguration;
			baseConfigurationReference = E34545CB02C50D7FCF9233DA /* Pods-SlouchDB4_Tests.debug.xcconfig */;
			buildSettings = {
				FRAMEWORK_SEARCH_PATHS = (
					"$(PLATFORM_DIR)/Developer/Library/Frameworks",
					"$(inherited)",
				);
				GCC_PREPROCESSOR_DEFINITIONS = (
					"DEBUG=1",
					"$(inherited)",
				);
				INFOPLIST_FILE = Tests/Info.plist;
				LD_RUNPATH_SEARCH_PATHS = "$(inherited) @executable_path/Frameworks @loader_path/Frameworks";
				PRODUCT_BUNDLE_IDENTIFIER = "org.cocoapods.$(PRODUCT_NAME:rfc1034identifier)";
				PRODUCT_NAME = "$(TARGET_NAME)";
				SWIFT_SWIFT3_OBJC_INFERENCE = Default;
				SWIFT_VERSION = 4.0;
				TEST_HOST = "$(BUILT_PRODUCTS_DIR)/SlouchDB4_Example.app/SlouchDB4_Example";
			};
			name = Debug;
		};
		607FACF41AFB9204008FA782 /* Release */ = {
			isa = XCBuildConfiguration;
			baseConfigurationReference = 962F2360638FE9554C29D7E5 /* Pods-SlouchDB4_Tests.release.xcconfig */;
			buildSettings = {
				FRAMEWORK_SEARCH_PATHS = (
					"$(PLATFORM_DIR)/Developer/Library/Frameworks",
					"$(inherited)",
				);
				INFOPLIST_FILE = Tests/Info.plist;
				LD_RUNPATH_SEARCH_PATHS = "$(inherited) @executable_path/Frameworks @loader_path/Frameworks";
				PRODUCT_BUNDLE_IDENTIFIER = "org.cocoapods.$(PRODUCT_NAME:rfc1034identifier)";
				PRODUCT_NAME = "$(TARGET_NAME)";
				SWIFT_SWIFT3_OBJC_INFERENCE = Default;
				SWIFT_VERSION = 4.0;
				TEST_HOST = "$(BUILT_PRODUCTS_DIR)/SlouchDB4_Example.app/SlouchDB4_Example";
			};
			name = Release;
		};
		B71189B523E5FFCA00D29302 /* Debug */ = {
			isa = XCBuildConfiguration;
			baseConfigurationReference = 25CA6DB39C7BDC0C478D0F3E /* Pods-PeopleApp.debug.xcconfig */;
			buildSettings = {
				ASSETCATALOG_COMPILER_APPICON_NAME = AppIcon;
				CLANG_ANALYZER_NONNULL = YES;
				CLANG_ANALYZER_NUMBER_OBJECT_CONVERSION = YES_AGGRESSIVE;
				CLANG_CXX_LANGUAGE_STANDARD = "gnu++14";
				CLANG_ENABLE_OBJC_WEAK = YES;
				CLANG_WARN_DOCUMENTATION_COMMENTS = YES;
				CLANG_WARN_UNGUARDED_AVAILABILITY = YES_AGGRESSIVE;
				CODE_SIGN_ENTITLEMENTS = PeopleApp/PeopleApp.entitlements;
				CODE_SIGN_STYLE = Automatic;
				COMBINE_HIDPI_IMAGES = YES;
				DEBUG_INFORMATION_FORMAT = dwarf;
				DEVELOPMENT_TEAM = NQ4H433LH4;
				ENABLE_HARDENED_RUNTIME = YES;
				GCC_C_LANGUAGE_STANDARD = gnu11;
				INFOPLIST_FILE = PeopleApp/Info.plist;
				LD_RUNPATH_SEARCH_PATHS = "$(inherited) @executable_path/../Frameworks";
				MACOSX_DEPLOYMENT_TARGET = 10.14;
				MTL_ENABLE_DEBUG_INFO = INCLUDE_SOURCE;
				MTL_FAST_MATH = YES;
				PRODUCT_BUNDLE_IDENTIFIER = com.ussherpress.PeopleApp;
				PRODUCT_NAME = "$(TARGET_NAME)";
				SDKROOT = macosx;
				SWIFT_ACTIVE_COMPILATION_CONDITIONS = DEBUG;
				SWIFT_VERSION = 5.0;
			};
			name = Debug;
		};
		B71189B623E5FFCA00D29302 /* Release */ = {
			isa = XCBuildConfiguration;
			baseConfigurationReference = 1E432C54FB3C20CAB9791236 /* Pods-PeopleApp.release.xcconfig */;
			buildSettings = {
				ASSETCATALOG_COMPILER_APPICON_NAME = AppIcon;
				CLANG_ANALYZER_NONNULL = YES;
				CLANG_ANALYZER_NUMBER_OBJECT_CONVERSION = YES_AGGRESSIVE;
				CLANG_CXX_LANGUAGE_STANDARD = "gnu++14";
				CLANG_ENABLE_OBJC_WEAK = YES;
				CLANG_WARN_DOCUMENTATION_COMMENTS = YES;
				CLANG_WARN_UNGUARDED_AVAILABILITY = YES_AGGRESSIVE;
				CODE_SIGN_ENTITLEMENTS = PeopleApp/PeopleApp.entitlements;
				CODE_SIGN_STYLE = Automatic;
				COMBINE_HIDPI_IMAGES = YES;
				DEVELOPMENT_TEAM = NQ4H433LH4;
				ENABLE_HARDENED_RUNTIME = YES;
				GCC_C_LANGUAGE_STANDARD = gnu11;
				INFOPLIST_FILE = PeopleApp/Info.plist;
				LD_RUNPATH_SEARCH_PATHS = "$(inherited) @executable_path/../Frameworks";
				MACOSX_DEPLOYMENT_TARGET = 10.14;
				MTL_FAST_MATH = YES;
				PRODUCT_BUNDLE_IDENTIFIER = com.ussherpress.PeopleApp;
				PRODUCT_NAME = "$(TARGET_NAME)";
				SDKROOT = macosx;
				SWIFT_VERSION = 5.0;
			};
			name = Release;
		};
		B76BA99D23F877CF00BB3B87 /* Debug */ = {
			isa = XCBuildConfiguration;
			baseConfigurationReference = 26D2BBE171F950C0D4A7A19A /* Pods-DatabaseViewer.debug.xcconfig */;
			buildSettings = {
				ASSETCATALOG_COMPILER_APPICON_NAME = AppIcon;
				CLANG_ANALYZER_NONNULL = YES;
				CLANG_ANALYZER_NUMBER_OBJECT_CONVERSION = YES_AGGRESSIVE;
				CLANG_CXX_LANGUAGE_STANDARD = "gnu++14";
				CLANG_ENABLE_OBJC_WEAK = YES;
				CLANG_WARN_DOCUMENTATION_COMMENTS = YES;
				CLANG_WARN_UNGUARDED_AVAILABILITY = YES_AGGRESSIVE;
				CODE_SIGN_ENTITLEMENTS = DatabaseViewer/DatabaseViewer.entitlements;
				CODE_SIGN_STYLE = Automatic;
				COMBINE_HIDPI_IMAGES = YES;
				DEBUG_INFORMATION_FORMAT = dwarf;
				DEVELOPMENT_TEAM = NQ4H433LH4;
				ENABLE_HARDENED_RUNTIME = YES;
				GCC_C_LANGUAGE_STANDARD = gnu11;
				INFOPLIST_FILE = DatabaseViewer/Info.plist;
				LD_RUNPATH_SEARCH_PATHS = "$(inherited) @executable_path/../Frameworks";
				MACOSX_DEPLOYMENT_TARGET = 10.14;
				MTL_ENABLE_DEBUG_INFO = INCLUDE_SOURCE;
				MTL_FAST_MATH = YES;
				PRODUCT_BUNDLE_IDENTIFIER = com.ussherpress.DatabaseViewer;
				PRODUCT_NAME = "$(TARGET_NAME)";
				SDKROOT = macosx;
				SWIFT_ACTIVE_COMPILATION_CONDITIONS = DEBUG;
				SWIFT_VERSION = 5.0;
			};
			name = Debug;
		};
		B76BA99E23F877CF00BB3B87 /* Release */ = {
			isa = XCBuildConfiguration;
			baseConfigurationReference = C6A24016A8CA84D3258A4D71 /* Pods-DatabaseViewer.release.xcconfig */;
			buildSettings = {
				ASSETCATALOG_COMPILER_APPICON_NAME = AppIcon;
				CLANG_ANALYZER_NONNULL = YES;
				CLANG_ANALYZER_NUMBER_OBJECT_CONVERSION = YES_AGGRESSIVE;
				CLANG_CXX_LANGUAGE_STANDARD = "gnu++14";
				CLANG_ENABLE_OBJC_WEAK = YES;
				CLANG_WARN_DOCUMENTATION_COMMENTS = YES;
				CLANG_WARN_UNGUARDED_AVAILABILITY = YES_AGGRESSIVE;
				CODE_SIGN_ENTITLEMENTS = DatabaseViewer/DatabaseViewer.entitlements;
				CODE_SIGN_STYLE = Automatic;
				COMBINE_HIDPI_IMAGES = YES;
				DEVELOPMENT_TEAM = NQ4H433LH4;
				ENABLE_HARDENED_RUNTIME = YES;
				GCC_C_LANGUAGE_STANDARD = gnu11;
				INFOPLIST_FILE = DatabaseViewer/Info.plist;
				LD_RUNPATH_SEARCH_PATHS = "$(inherited) @executable_path/../Frameworks";
				MACOSX_DEPLOYMENT_TARGET = 10.14;
				MTL_FAST_MATH = YES;
				PRODUCT_BUNDLE_IDENTIFIER = com.ussherpress.DatabaseViewer;
				PRODUCT_NAME = "$(TARGET_NAME)";
				SDKROOT = macosx;
				SWIFT_VERSION = 5.0;
			};
			name = Release;
		};
/* End XCBuildConfiguration section */

/* Begin XCConfigurationList section */
		607FACCB1AFB9204008FA782 /* Build configuration list for PBXProject "SlouchDB4" */ = {
			isa = XCConfigurationList;
			buildConfigurations = (
				607FACED1AFB9204008FA782 /* Debug */,
				607FACEE1AFB9204008FA782 /* Release */,
			);
			defaultConfigurationIsVisible = 0;
			defaultConfigurationName = Release;
		};
		607FACEF1AFB9204008FA782 /* Build configuration list for PBXNativeTarget "SlouchDB4_Example" */ = {
			isa = XCConfigurationList;
			buildConfigurations = (
				607FACF01AFB9204008FA782 /* Debug */,
				607FACF11AFB9204008FA782 /* Release */,
			);
			defaultConfigurationIsVisible = 0;
			defaultConfigurationName = Release;
		};
		607FACF21AFB9204008FA782 /* Build configuration list for PBXNativeTarget "SlouchDB4_Tests" */ = {
			isa = XCConfigurationList;
			buildConfigurations = (
				607FACF31AFB9204008FA782 /* Debug */,
				607FACF41AFB9204008FA782 /* Release */,
			);
			defaultConfigurationIsVisible = 0;
			defaultConfigurationName = Release;
		};
		B71189B423E5FFCA00D29302 /* Build configuration list for PBXNativeTarget "PeopleApp" */ = {
			isa = XCConfigurationList;
			buildConfigurations = (
				B71189B523E5FFCA00D29302 /* Debug */,
				B71189B623E5FFCA00D29302 /* Release */,
			);
			defaultConfigurationIsVisible = 0;
			defaultConfigurationName = Release;
		};
		B76BA99F23F877CF00BB3B87 /* Build configuration list for PBXNativeTarget "DatabaseViewer" */ = {
			isa = XCConfigurationList;
			buildConfigurations = (
				B76BA99D23F877CF00BB3B87 /* Debug */,
				B76BA99E23F877CF00BB3B87 /* Release */,
			);
			defaultConfigurationIsVisible = 0;
			defaultConfigurationName = Release;
		};
/* End XCConfigurationList section */
	};
	rootObject = 607FACC81AFB9204008FA782 /* Project object */;
}
